// !$*UTF8*$!
{
	archiveVersion = 1;
	classes = {
	};
	objectVersion = 51;
	objects = {

/* Begin PBXBuildFile section */
		5333E14F24AB406A006D07F7 /* AppDelegate.swift in Sources */ = {isa = PBXBuildFile; fileRef = 5333E14E24AB406A006D07F7 /* AppDelegate.swift */; };
		5333E15324AB406A006D07F7 /* ViewController.swift in Sources */ = {isa = PBXBuildFile; fileRef = 5333E15224AB406A006D07F7 /* ViewController.swift */; };
		5333E15624AB406A006D07F7 /* Main.storyboard in Resources */ = {isa = PBXBuildFile; fileRef = 5333E15424AB406A006D07F7 /* Main.storyboard */; };
		5333E15924AB406A006D07F7 /* YuanCommunityV2ex.xcdatamodeld in Sources */ = {isa = PBXBuildFile; fileRef = 5333E15724AB406A006D07F7 /* YuanCommunityV2ex.xcdatamodeld */; };
		5333E15B24AB406F006D07F7 /* Assets.xcassets in Resources */ = {isa = PBXBuildFile; fileRef = 5333E15A24AB406F006D07F7 /* Assets.xcassets */; };
		5333E15E24AB406F006D07F7 /* LaunchScreen.storyboard in Resources */ = {isa = PBXBuildFile; fileRef = 5333E15C24AB406F006D07F7 /* LaunchScreen.storyboard */; };
		5333E17424AC1C71006D07F7 /* LDTabBar.m in Sources */ = {isa = PBXBuildFile; fileRef = 5333E16F24AC1C70006D07F7 /* LDTabBar.m */; };
		5333E17524AC1C71006D07F7 /* LDNavigationController.m in Sources */ = {isa = PBXBuildFile; fileRef = 5333E17124AC1C70006D07F7 /* LDNavigationController.m */; };
		5333E17624AC1C71006D07F7 /* LDColor.m in Sources */ = {isa = PBXBuildFile; fileRef = 5333E17224AC1C70006D07F7 /* LDColor.m */; };
		5333E17724AC1C71006D07F7 /* LDTabBarController.m in Sources */ = {isa = PBXBuildFile; fileRef = 5333E17324AC1C71006D07F7 /* LDTabBarController.m */; };
		81350DA10C4251CBC7C5FE3C /* libPods-YuanCommunityV2ex.a in Frameworks */ = {isa = PBXBuildFile; fileRef = 5618883ED402FDD93BE77FE0 /* libPods-YuanCommunityV2ex.a */; };
/* End PBXBuildFile section */

/* Begin PBXFileReference section */
		2C16B37FF9E2D0092F979F2A /* Pods-YuanCommunityV2ex.release.xcconfig */ = {isa = PBXFileReference; includeInIndex = 1; lastKnownFileType = text.xcconfig; name = "Pods-YuanCommunityV2ex.release.xcconfig"; path = "Target Support Files/Pods-YuanCommunityV2ex/Pods-YuanCommunityV2ex.release.xcconfig"; sourceTree = "<group>"; };
		5333E14B24AB406A006D07F7 /* YuanCommunityV2ex.app */ = {isa = PBXFileReference; explicitFileType = wrapper.application; includeInIndex = 0; path = YuanCommunityV2ex.app; sourceTree = BUILT_PRODUCTS_DIR; };
		5333E14E24AB406A006D07F7 /* AppDelegate.swift */ = {isa = PBXFileReference; lastKnownFileType = sourcecode.swift; path = AppDelegate.swift; sourceTree = "<group>"; };
		5333E15224AB406A006D07F7 /* ViewController.swift */ = {isa = PBXFileReference; lastKnownFileType = sourcecode.swift; path = ViewController.swift; sourceTree = "<group>"; };
		5333E15524AB406A006D07F7 /* Base */ = {isa = PBXFileReference; lastKnownFileType = file.storyboard; name = Base; path = Base.lproj/Main.storyboard; sourceTree = "<group>"; };
		5333E15824AB406A006D07F7 /* YuanCommunityV2ex.xcdatamodel */ = {isa = PBXFileReference; lastKnownFileType = wrapper.xcdatamodel; path = YuanCommunityV2ex.xcdatamodel; sourceTree = "<group>"; };
		5333E15A24AB406F006D07F7 /* Assets.xcassets */ = {isa = PBXFileReference; lastKnownFileType = folder.assetcatalog; path = Assets.xcassets; sourceTree = "<group>"; };
		5333E15D24AB406F006D07F7 /* Base */ = {isa = PBXFileReference; lastKnownFileType = file.storyboard; name = Base; path = Base.lproj/LaunchScreen.storyboard; sourceTree = "<group>"; };
		5333E15F24AB406F006D07F7 /* Info.plist */ = {isa = PBXFileReference; lastKnownFileType = text.plist.xml; path = Info.plist; sourceTree = "<group>"; };
		5333E16B24AC1C6F006D07F7 /* YuanCommunityV2ex-Bridging-Header.h */ = {isa = PBXFileReference; lastKnownFileType = sourcecode.c.h; path = "YuanCommunityV2ex-Bridging-Header.h"; sourceTree = "<group>"; };
		5333E16C24AC1C70006D07F7 /* LDTabBarController.h */ = {isa = PBXFileReference; fileEncoding = 4; lastKnownFileType = sourcecode.c.h; path = LDTabBarController.h; sourceTree = "<group>"; };
		5333E16D24AC1C70006D07F7 /* LDNavigationController.h */ = {isa = PBXFileReference; fileEncoding = 4; lastKnownFileType = sourcecode.c.h; path = LDNavigationController.h; sourceTree = "<group>"; };
		5333E16E24AC1C70006D07F7 /* LDColor.h */ = {isa = PBXFileReference; fileEncoding = 4; lastKnownFileType = sourcecode.c.h; path = LDColor.h; sourceTree = "<group>"; };
		5333E16F24AC1C70006D07F7 /* LDTabBar.m */ = {isa = PBXFileReference; fileEncoding = 4; lastKnownFileType = sourcecode.c.objc; path = LDTabBar.m; sourceTree = "<group>"; };
		5333E17024AC1C70006D07F7 /* LDTabBar.h */ = {isa = PBXFileReference; fileEncoding = 4; lastKnownFileType = sourcecode.c.h; path = LDTabBar.h; sourceTree = "<group>"; };
		5333E17124AC1C70006D07F7 /* LDNavigationController.m */ = {isa = PBXFileReference; fileEncoding = 4; lastKnownFileType = sourcecode.c.objc; path = LDNavigationController.m; sourceTree = "<group>"; };
		5333E17224AC1C70006D07F7 /* LDColor.m */ = {isa = PBXFileReference; fileEncoding = 4; lastKnownFileType = sourcecode.c.objc; path = LDColor.m; sourceTree = "<group>"; };
		5333E17324AC1C71006D07F7 /* LDTabBarController.m */ = {isa = PBXFileReference; fileEncoding = 4; lastKnownFileType = sourcecode.c.objc; path = LDTabBarController.m; sourceTree = "<group>"; };
		5618883ED402FDD93BE77FE0 /* libPods-YuanCommunityV2ex.a */ = {isa = PBXFileReference; explicitFileType = archive.ar; includeInIndex = 0; path = "libPods-YuanCommunityV2ex.a"; sourceTree = BUILT_PRODUCTS_DIR; };
		CC09CA7FC3D5AC2B0136A104 /* Pods-YuanCommunityV2ex.debug.xcconfig */ = {isa = PBXFileReference; includeInIndex = 1; lastKnownFileType = text.xcconfig; name = "Pods-YuanCommunityV2ex.debug.xcconfig"; path = "Target Support Files/Pods-YuanCommunityV2ex/Pods-YuanCommunityV2ex.debug.xcconfig"; sourceTree = "<group>"; };
/* End PBXFileReference section */

/* Begin PBXFrameworksBuildPhase section */
		5333E14824AB406A006D07F7 /* Frameworks */ = {
			isa = PBXFrameworksBuildPhase;
			buildActionMask = 2147483647;
			files = (
				81350DA10C4251CBC7C5FE3C /* libPods-YuanCommunityV2ex.a in Frameworks */,
			);
			runOnlyForDeploymentPostprocessing = 0;
		};
/* End PBXFrameworksBuildPhase section */

/* Begin PBXGroup section */
		1A9ED9E4B2FC8B46D4A0CEF0 /* Pods */ = {
			isa = PBXGroup;
			children = (
				CC09CA7FC3D5AC2B0136A104 /* Pods-YuanCommunityV2ex.debug.xcconfig */,
				2C16B37FF9E2D0092F979F2A /* Pods-YuanCommunityV2ex.release.xcconfig */,
			);
			path = Pods;
			sourceTree = "<group>";
		};
		5333E14224AB406A006D07F7 = {
			isa = PBXGroup;
			children = (
				5333E16A24AC1C4B006D07F7 /* Resources */,
				5333E16924AC1C3F006D07F7 /* Util */,
				5333E16824AC1C35006D07F7 /* Model */,
				5333E16724AC1C2A006D07F7 /* View */,
				5333E16524AC1C15006D07F7 /* Controller */,
				5333E14D24AB406A006D07F7 /* YuanCommunityV2ex */,
				5333E14C24AB406A006D07F7 /* Products */,
				1A9ED9E4B2FC8B46D4A0CEF0 /* Pods */,
				F683D8069CFB2035FF66EA1F /* Frameworks */,
			);
			sourceTree = "<group>";
		};
		5333E14C24AB406A006D07F7 /* Products */ = {
			isa = PBXGroup;
			children = (
				5333E14B24AB406A006D07F7 /* YuanCommunityV2ex.app */,
			);
			name = Products;
			sourceTree = "<group>";
		};
		5333E14D24AB406A006D07F7 /* YuanCommunityV2ex */ = {
			isa = PBXGroup;
			children = (
				5333E14E24AB406A006D07F7 /* AppDelegate.swift */,
				5333E15224AB406A006D07F7 /* ViewController.swift */,
				5333E15424AB406A006D07F7 /* Main.storyboard */,
				5333E15A24AB406F006D07F7 /* Assets.xcassets */,
				5333E15C24AB406F006D07F7 /* LaunchScreen.storyboard */,
				5333E15F24AB406F006D07F7 /* Info.plist */,
				5333E15724AB406A006D07F7 /* YuanCommunityV2ex.xcdatamodeld */,
			);
			path = YuanCommunityV2ex;
			sourceTree = "<group>";
		};
		5333E16524AC1C15006D07F7 /* Controller */ = {
			isa = PBXGroup;
			children = (
			);
			path = Controller;
			sourceTree = "<group>";
		};
		5333E16724AC1C2A006D07F7 /* View */ = {
			isa = PBXGroup;
			children = (
			);
			path = View;
			sourceTree = "<group>";
		};
		5333E16824AC1C35006D07F7 /* Model */ = {
			isa = PBXGroup;
			children = (
			);
			path = Model;
			sourceTree = "<group>";
		};
		5333E16924AC1C3F006D07F7 /* Util */ = {
			isa = PBXGroup;
			children = (
				5333E16E24AC1C70006D07F7 /* LDColor.h */,
				5333E17224AC1C70006D07F7 /* LDColor.m */,
				5333E16D24AC1C70006D07F7 /* LDNavigationController.h */,
				5333E17124AC1C70006D07F7 /* LDNavigationController.m */,
				5333E17024AC1C70006D07F7 /* LDTabBar.h */,
				5333E16F24AC1C70006D07F7 /* LDTabBar.m */,
				5333E16C24AC1C70006D07F7 /* LDTabBarController.h */,
				5333E17324AC1C71006D07F7 /* LDTabBarController.m */,
				5333E16B24AC1C6F006D07F7 /* YuanCommunityV2ex-Bridging-Header.h */,
			);
			path = Util;
			sourceTree = "<group>";
		};
		5333E16A24AC1C4B006D07F7 /* Resources */ = {
			isa = PBXGroup;
			children = (
			);
			path = Resources;
			sourceTree = "<group>";
		};
		F683D8069CFB2035FF66EA1F /* Frameworks */ = {
			isa = PBXGroup;
			children = (
				5618883ED402FDD93BE77FE0 /* libPods-YuanCommunityV2ex.a */,
			);
			name = Frameworks;
			sourceTree = "<group>";
		};
/* End PBXGroup section */

/* Begin PBXNativeTarget section */
		5333E14A24AB406A006D07F7 /* YuanCommunityV2ex */ = {
			isa = PBXNativeTarget;
			buildConfigurationList = 5333E16224AB406F006D07F7 /* Build configuration list for PBXNativeTarget "YuanCommunityV2ex" */;
			buildPhases = (
				293450B60B520392C1801982 /* [CP] Check Pods Manifest.lock */,
				5333E14724AB406A006D07F7 /* Sources */,
				5333E14824AB406A006D07F7 /* Frameworks */,
				5333E14924AB406A006D07F7 /* Resources */,
				D688DA48F4949016753B1948 /* [CP] Copy Pods Resources */,
			);
			buildRules = (
			);
			dependencies = (
			);
			name = YuanCommunityV2ex;
			productName = YuanCommunityV2ex;
			productReference = 5333E14B24AB406A006D07F7 /* YuanCommunityV2ex.app */;
			productType = "com.apple.product-type.application";
		};
/* End PBXNativeTarget section */

/* Begin PBXProject section */
		5333E14324AB406A006D07F7 /* Project object */ = {
			isa = PBXProject;
			attributes = {
				LastSwiftUpdateCheck = 1150;
				LastUpgradeCheck = 1150;
				ORGANIZATIONNAME = com.xuzhou;
				TargetAttributes = {
					5333E14A24AB406A006D07F7 = {
						CreatedOnToolsVersion = 11.5;
						LastSwiftMigration = 1150;
					};
				};
			};
			buildConfigurationList = 5333E14624AB406A006D07F7 /* Build configuration list for PBXProject "YuanCommunityV2ex" */;
			compatibilityVersion = "Xcode 9.3";
			developmentRegion = en;
			hasScannedForEncodings = 0;
			knownRegions = (
				en,
				Base,
			);
			mainGroup = 5333E14224AB406A006D07F7;
			productRefGroup = 5333E14C24AB406A006D07F7 /* Products */;
			projectDirPath = "";
			projectRoot = "";
			targets = (
				5333E14A24AB406A006D07F7 /* YuanCommunityV2ex */,
			);
		};
/* End PBXProject section */

/* Begin PBXResourcesBuildPhase section */
		5333E14924AB406A006D07F7 /* Resources */ = {
			isa = PBXResourcesBuildPhase;
			buildActionMask = 2147483647;
			files = (
				5333E15E24AB406F006D07F7 /* LaunchScreen.storyboard in Resources */,
				5333E15B24AB406F006D07F7 /* Assets.xcassets in Resources */,
				5333E15624AB406A006D07F7 /* Main.storyboard in Resources */,
			);
			runOnlyForDeploymentPostprocessing = 0;
		};
/* End PBXResourcesBuildPhase section */

/* Begin PBXShellScriptBuildPhase section */
		293450B60B520392C1801982 /* [CP] Check Pods Manifest.lock */ = {
			isa = PBXShellScriptBuildPhase;
			buildActionMask = 2147483647;
			files = (
			);
			inputFileListPaths = (
			);
			inputPaths = (
				"${PODS_PODFILE_DIR_PATH}/Podfile.lock",
				"${PODS_ROOT}/Manifest.lock",
			);
			name = "[CP] Check Pods Manifest.lock";
			outputFileListPaths = (
			);
			outputPaths = (
				"$(DERIVED_FILE_DIR)/Pods-YuanCommunityV2ex-checkManifestLockResult.txt",
			);
			runOnlyForDeploymentPostprocessing = 0;
			shellPath = /bin/sh;
			shellScript = "diff \"${PODS_PODFILE_DIR_PATH}/Podfile.lock\" \"${PODS_ROOT}/Manifest.lock\" > /dev/null\nif [ $? != 0 ] ; then\n    # print error to STDERR\n    echo \"error: The sandbox is not in sync with the Podfile.lock. Run 'pod install' or update your CocoaPods installation.\" >&2\n    exit 1\nfi\n# This output is used by Xcode 'outputs' to avoid re-running this script phase.\necho \"SUCCESS\" > \"${SCRIPT_OUTPUT_FILE_0}\"\n";
			showEnvVarsInLog = 0;
		};
		D688DA48F4949016753B1948 /* [CP] Copy Pods Resources */ = {
			isa = PBXShellScriptBuildPhase;
			buildActionMask = 2147483647;
			files = (
			);
			inputFileListPaths = (
				"${PODS_ROOT}/Target Support Files/Pods-YuanCommunityV2ex/Pods-YuanCommunityV2ex-resources-${CONFIGURATION}-input-files.xcfilelist",
			);
			name = "[CP] Copy Pods Resources";
			outputFileListPaths = (
				"${PODS_ROOT}/Target Support Files/Pods-YuanCommunityV2ex/Pods-YuanCommunityV2ex-resources-${CONFIGURATION}-output-files.xcfilelist",
			);
			runOnlyForDeploymentPostprocessing = 0;
			shellPath = /bin/sh;
			shellScript = "\"${PODS_ROOT}/Target Support Files/Pods-YuanCommunityV2ex/Pods-YuanCommunityV2ex-resources.sh\"\n";
			showEnvVarsInLog = 0;
		};
/* End PBXShellScriptBuildPhase section */

/* Begin PBXSourcesBuildPhase section */
		5333E14724AB406A006D07F7 /* Sources */ = {
			isa = PBXSourcesBuildPhase;
			buildActionMask = 2147483647;
			files = (
				5333E17524AC1C71006D07F7 /* LDNavigationController.m in Sources */,
				5333E17724AC1C71006D07F7 /* LDTabBarController.m in Sources */,
				5333E17624AC1C71006D07F7 /* LDColor.m in Sources */,
				5333E15324AB406A006D07F7 /* ViewController.swift in Sources */,
				5333E17424AC1C71006D07F7 /* LDTabBar.m in Sources */,
				5333E15924AB406A006D07F7 /* YuanCommunityV2ex.xcdatamodeld in Sources */,
				5333E14F24AB406A006D07F7 /* AppDelegate.swift in Sources */,
			);
			runOnlyForDeploymentPostprocessing = 0;
		};
/* End PBXSourcesBuildPhase section */

/* Begin PBXVariantGroup section */
		5333E15424AB406A006D07F7 /* Main.storyboard */ = {
			isa = PBXVariantGroup;
			children = (
				5333E15524AB406A006D07F7 /* Base */,
			);
			name = Main.storyboard;
			sourceTree = "<group>";
		};
		5333E15C24AB406F006D07F7 /* LaunchScreen.storyboard */ = {
			isa = PBXVariantGroup;
			children = (
				5333E15D24AB406F006D07F7 /* Base */,
			);
			name = LaunchScreen.storyboard;
			sourceTree = "<group>";
		};
/* End PBXVariantGroup section */

/* Begin XCBuildConfiguration section */
		5333E16024AB406F006D07F7 /* Debug */ = {
			isa = XCBuildConfiguration;
			buildSettings = {
				ALWAYS_SEARCH_USER_PATHS = NO;
				CLANG_ANALYZER_NONNULL = YES;
				CLANG_ANALYZER_NUMBER_OBJECT_CONVERSION = YES_AGGRESSIVE;
				CLANG_CXX_LANGUAGE_STANDARD = "gnu++14";
				CLANG_CXX_LIBRARY = "libc++";
				CLANG_ENABLE_MODULES = YES;
				CLANG_ENABLE_OBJC_ARC = YES;
				CLANG_ENABLE_OBJC_WEAK = YES;
				CLANG_WARN_BLOCK_CAPTURE_AUTORELEASING = YES;
				CLANG_WARN_BOOL_CONVERSION = YES;
				CLANG_WARN_COMMA = YES;
				CLANG_WARN_CONSTANT_CONVERSION = YES;
				CLANG_WARN_DEPRECATED_OBJC_IMPLEMENTATIONS = YES;
				CLANG_WARN_DIRECT_OBJC_ISA_USAGE = YES_ERROR;
				CLANG_WARN_DOCUMENTATION_COMMENTS = YES;
				CLANG_WARN_EMPTY_BODY = YES;
				CLANG_WARN_ENUM_CONVERSION = YES;
				CLANG_WARN_INFINITE_RECURSION = YES;
				CLANG_WARN_INT_CONVERSION = YES;
				CLANG_WARN_NON_LITERAL_NULL_CONVERSION = YES;
				CLANG_WARN_OBJC_IMPLICIT_RETAIN_SELF = YES;
				CLANG_WARN_OBJC_LITERAL_CONVERSION = YES;
				CLANG_WARN_OBJC_ROOT_CLASS = YES_ERROR;
				CLANG_WARN_RANGE_LOOP_ANALYSIS = YES;
				CLANG_WARN_STRICT_PROTOTYPES = YES;
				CLANG_WARN_SUSPICIOUS_MOVE = YES;
				CLANG_WARN_UNGUARDED_AVAILABILITY = YES_AGGRESSIVE;
				CLANG_WARN_UNREACHABLE_CODE = YES;
				CLANG_WARN__DUPLICATE_METHOD_MATCH = YES;
				COPY_PHASE_STRIP = NO;
				DEBUG_INFORMATION_FORMAT = dwarf;
				ENABLE_STRICT_OBJC_MSGSEND = YES;
				ENABLE_TESTABILITY = YES;
				GCC_C_LANGUAGE_STANDARD = gnu11;
				GCC_DYNAMIC_NO_PIC = NO;
				GCC_NO_COMMON_BLOCKS = YES;
				GCC_OPTIMIZATION_LEVEL = 0;
				GCC_PREPROCESSOR_DEFINITIONS = (
					"DEBUG=1",
					"$(inherited)",
				);
				GCC_WARN_64_TO_32_BIT_CONVERSION = YES;
				GCC_WARN_ABOUT_RETURN_TYPE = YES_ERROR;
				GCC_WARN_UNDECLARED_SELECTOR = YES;
				GCC_WARN_UNINITIALIZED_AUTOS = YES_AGGRESSIVE;
				GCC_WARN_UNUSED_FUNCTION = YES;
				GCC_WARN_UNUSED_VARIABLE = YES;
				IPHONEOS_DEPLOYMENT_TARGET = 13.5;
				MTL_ENABLE_DEBUG_INFO = INCLUDE_SOURCE;
				MTL_FAST_MATH = YES;
				ONLY_ACTIVE_ARCH = YES;
				SDKROOT = iphoneos;
				SWIFT_ACTIVE_COMPILATION_CONDITIONS = DEBUG;
				SWIFT_OPTIMIZATION_LEVEL = "-Onone";
			};
			name = Debug;
		};
		5333E16124AB406F006D07F7 /* Release */ = {
			isa = XCBuildConfiguration;
			buildSettings = {
				ALWAYS_SEARCH_USER_PATHS = NO;
				CLANG_ANALYZER_NONNULL = YES;
				CLANG_ANALYZER_NUMBER_OBJECT_CONVERSION = YES_AGGRESSIVE;
				CLANG_CXX_LANGUAGE_STANDARD = "gnu++14";
				CLANG_CXX_LIBRARY = "libc++";
				CLANG_ENABLE_MODULES = YES;
				CLANG_ENABLE_OBJC_ARC = YES;
				CLANG_ENABLE_OBJC_WEAK = YES;
				CLANG_WARN_BLOCK_CAPTURE_AUTORELEASING = YES;
				CLANG_WARN_BOOL_CONVERSION = YES;
				CLANG_WARN_COMMA = YES;
				CLANG_WARN_CONSTANT_CONVERSION = YES;
				CLANG_WARN_DEPRECATED_OBJC_IMPLEMENTATIONS = YES;
				CLANG_WARN_DIRECT_OBJC_ISA_USAGE = YES_ERROR;
				CLANG_WARN_DOCUMENTATION_COMMENTS = YES;
				CLANG_WARN_EMPTY_BODY = YES;
				CLANG_WARN_ENUM_CONVERSION = YES;
				CLANG_WARN_INFINITE_RECURSION = YES;
				CLANG_WARN_INT_CONVERSION = YES;
				CLANG_WARN_NON_LITERAL_NULL_CONVERSION = YES;
				CLANG_WARN_OBJC_IMPLICIT_RETAIN_SELF = YES;
				CLANG_WARN_OBJC_LITERAL_CONVERSION = YES;
				CLANG_WARN_OBJC_ROOT_CLASS = YES_ERROR;
				CLANG_WARN_RANGE_LOOP_ANALYSIS = YES;
				CLANG_WARN_STRICT_PROTOTYPES = YES;
				CLANG_WARN_SUSPICIOUS_MOVE = YES;
				CLANG_WARN_UNGUARDED_AVAILABILITY = YES_AGGRESSIVE;
				CLANG_WARN_UNREACHABLE_CODE = YES;
				CLANG_WARN__DUPLICATE_METHOD_MATCH = YES;
				COPY_PHASE_STRIP = NO;
				DEBUG_INFORMATION_FORMAT = "dwarf-with-dsym";
				ENABLE_NS_ASSERTIONS = NO;
				ENABLE_STRICT_OBJC_MSGSEND = YES;
				GCC_C_LANGUAGE_STANDARD = gnu11;
				GCC_NO_COMMON_BLOCKS = YES;
				GCC_WARN_64_TO_32_BIT_CONVERSION = YES;
				GCC_WARN_ABOUT_RETURN_TYPE = YES_ERROR;
				GCC_WARN_UNDECLARED_SELECTOR = YES;
				GCC_WARN_UNINITIALIZED_AUTOS = YES_AGGRESSIVE;
				GCC_WARN_UNUSED_FUNCTION = YES;
				GCC_WARN_UNUSED_VARIABLE = YES;
				IPHONEOS_DEPLOYMENT_TARGET = 13.5;
				MTL_ENABLE_DEBUG_INFO = NO;
				MTL_FAST_MATH = YES;
				SDKROOT = iphoneos;
				SWIFT_COMPILATION_MODE = wholemodule;
				SWIFT_OPTIMIZATION_LEVEL = "-O";
				VALIDATE_PRODUCT = YES;
			};
			name = Release;
		};
		5333E16324AB406F006D07F7 /* Debug */ = {
			isa = XCBuildConfiguration;
			baseConfigurationReference = CC09CA7FC3D5AC2B0136A104 /* Pods-YuanCommunityV2ex.debug.xcconfig */;
			buildSettings = {
				ASSETCATALOG_COMPILER_APPICON_NAME = AppIcon;
				CLANG_ENABLE_MODULES = YES;
				CODE_SIGN_STYLE = Automatic;
				DEVELOPMENT_TEAM = 6JC78V6G2N;
				INFOPLIST_FILE = YuanCommunityV2ex/Info.plist;
				IPHONEOS_DEPLOYMENT_TARGET = 11.0;
				LD_RUNPATH_SEARCH_PATHS = (
					"$(inherited)",
					"@executable_path/Frameworks",
				);
				MARKETING_VERSION = 1.0.0;
				PRODUCT_BUNDLE_IDENTIFIER = com.xuzhou.YuanCommunityV2ex;
				PRODUCT_NAME = "$(TARGET_NAME)";
				SWIFT_OBJC_BRIDGING_HEADER = "Util/YuanCommunityV2ex-Bridging-Header.h";
				SWIFT_OPTIMIZATION_LEVEL = "-Onone";
				SWIFT_VERSION = 5.0;
				TARGETED_DEVICE_FAMILY = 1;
			};
			name = Debug;
		};
		5333E16424AB406F006D07F7 /* Release */ = {
			isa = XCBuildConfiguration;
			baseConfigurationReference = 2C16B37FF9E2D0092F979F2A /* Pods-YuanCommunityV2ex.release.xcconfig */;
			buildSettings = {
				ASSETCATALOG_COMPILER_APPICON_NAME = AppIcon;
				CLANG_ENABLE_MODULES = YES;
				CODE_SIGN_STYLE = Automatic;
				DEVELOPMENT_TEAM = 6JC78V6G2N;
				INFOPLIST_FILE = YuanCommunityV2ex/Info.plist;
				IPHONEOS_DEPLOYMENT_TARGET = 11.0;
				LD_RUNPATH_SEARCH_PATHS = (
					"$(inherited)",
					"@executable_path/Frameworks",
				);
				MARKETING_VERSION = 1.0.0;
				PRODUCT_BUNDLE_IDENTIFIER = com.xuzhou.YuanCommunityV2ex;
				PRODUCT_NAME = "$(TARGET_NAME)";
				SWIFT_OBJC_BRIDGING_HEADER = "Util/YuanCommunityV2ex-Bridging-Header.h";
				SWIFT_VERSION = 5.0;
				TARGETED_DEVICE_FAMILY = 1;
			};
			name = Release;
		};
/* End XCBuildConfiguration section */

/* Begin XCConfigurationList section */
		5333E14624AB406A006D07F7 /* Build configuration list for PBXProject "YuanCommunityV2ex" */ = {
			isa = XCConfigurationList;
			buildConfigurations = (
				5333E16024AB406F006D07F7 /* Debug */,
				5333E16124AB406F006D07F7 /* Release */,
			);
			defaultConfigurationIsVisible = 0;
			defaultConfigurationName = Release;
		};
		5333E16224AB406F006D07F7 /* Build configuration list for PBXNativeTarget "YuanCommunityV2ex" */ = {
			isa = XCConfigurationList;
			buildConfigurations = (
				5333E16324AB406F006D07F7 /* Debug */,
				5333E16424AB406F006D07F7 /* Release */,
			);
			defaultConfigurationIsVisible = 0;
			defaultConfigurationName = Release;
		};
/* End XCConfigurationList section */

/* Begin XCVersionGroup section */
		5333E15724AB406A006D07F7 /* YuanCommunityV2ex.xcdatamodeld */ = {
			isa = XCVersionGroup;
			children = (
				5333E15824AB406A006D07F7 /* YuanCommunityV2ex.xcdatamodel */,
			);
			currentVersion = 5333E15824AB406A006D07F7 /* YuanCommunityV2ex.xcdatamodel */;
			path = YuanCommunityV2ex.xcdatamodeld;
			sourceTree = "<group>";
			versionGroupType = wrapper.xcdatamodel;
		};
/* End XCVersionGroup section */
	};
	rootObject = 5333E14324AB406A006D07F7 /* Project object */;
}
