// !$*UTF8*$!
{
	archiveVersion = 1;
	classes = {
	};
	objectVersion = 51;
	objects = {

/* Begin PBXBuildFile section */
		5333E14F24AB406A006D07F7 /* AppDelegate.swift in Sources */ = {isa = PBXBuildFile; fileRef = 5333E14E24AB406A006D07F7 /* AppDelegate.swift */; };
		5333E15324AB406A006D07F7 /* ViewController.swift in Sources */ = {isa = PBXBuildFile; fileRef = 5333E15224AB406A006D07F7 /* ViewController.swift */; };
		5333E15624AB406A006D07F7 /* Main.storyboard in Resources */ = {isa = PBXBuildFile; fileRef = 5333E15424AB406A006D07F7 /* Main.storyboard */; };
		5333E15924AB406A006D07F7 /* YuanCommunityV2ex.xcdatamodeld in Sources */ = {isa = PBXBuildFile; fileRef = 5333E15724AB406A006D07F7 /* YuanCommunityV2ex.xcdatamodeld */; };
		5333E15B24AB406F006D07F7 /* Assets.xcassets in Resources */ = {isa = PBXBuildFile; fileRef = 5333E15A24AB406F006D07F7 /* Assets.xcassets */; };
		5333E15E24AB406F006D07F7 /* LaunchScreen.storyboard in Resources */ = {isa = PBXBuildFile; fileRef = 5333E15C24AB406F006D07F7 /* LaunchScreen.storyboard */; };
		5333E17424AC1C71006D07F7 /* LDTabBar.m in Sources */ = {isa = PBXBuildFile; fileRef = 5333E16F24AC1C70006D07F7 /* LDTabBar.m */; };
		5333E17524AC1C71006D07F7 /* LDNavigationController.m in Sources */ = {isa = PBXBuildFile; fileRef = 5333E17124AC1C70006D07F7 /* LDNavigationController.m */; };
		5333E17624AC1C71006D07F7 /* LDColor.m in Sources */ = {isa = PBXBuildFile; fileRef = 5333E17224AC1C70006D07F7 /* LDColor.m */; };
		5333E17724AC1C71006D07F7 /* LDTabBarController.m in Sources */ = {isa = PBXBuildFile; fileRef = 5333E17324AC1C71006D07F7 /* LDTabBarController.m */; };
		5333E17F24AC1FBD006D07F7 /* XZWebViewImageProtocol.swift in Sources */ = {isa = PBXBuildFile; fileRef = 5333E17E24AC1FBD006D07F7 /* XZWebViewImageProtocol.swift */; };
		5333E18124AC205B006D07F7 /* MainViewController.swift in Sources */ = {isa = PBXBuildFile; fileRef = 5333E18024AC205B006D07F7 /* MainViewController.swift */; };
		5333E18324AC20D1006D07F7 /* TopicListModel.swift in Sources */ = {isa = PBXBuildFile; fileRef = 5333E18224AC20D1006D07F7 /* TopicListModel.swift */; };
		5333E18524AC2142006D07F7 /* BaseModel.swift in Sources */ = {isa = PBXBuildFile; fileRef = 5333E18424AC2142006D07F7 /* BaseModel.swift */; };
		5333E18724AC21DA006D07F7 /* YuanCommunUser.swift in Sources */ = {isa = PBXBuildFile; fileRef = 5333E18624AC21DA006D07F7 /* YuanCommunUser.swift */; };
		5333E18924AC2227006D07F7 /* UserModel.swift in Sources */ = {isa = PBXBuildFile; fileRef = 5333E18824AC2227006D07F7 /* UserModel.swift */; };
		5333E18B24AC2285006D07F7 /* XZResponse.swift in Sources */ = {isa = PBXBuildFile; fileRef = 5333E18A24AC2284006D07F7 /* XZResponse.swift */; };
		5333E19A24AC2302006D07F7 /* V2EXMentionedBindingParser.swift in Sources */ = {isa = PBXBuildFile; fileRef = 5333E18C24AC2300006D07F7 /* V2EXMentionedBindingParser.swift */; };
		5333E19B24AC2302006D07F7 /* UIView+Extension.swift in Sources */ = {isa = PBXBuildFile; fileRef = 5333E18D24AC2300006D07F7 /* UIView+Extension.swift */; };
		5333E19C24AC2302006D07F7 /* XZSwiftColor.swift in Sources */ = {isa = PBXBuildFile; fileRef = 5333E18E24AC2300006D07F7 /* XZSwiftColor.swift */; };
		5333E19D24AC2302006D07F7 /* XZClient.swift in Sources */ = {isa = PBXBuildFile; fileRef = 5333E18F24AC2300006D07F7 /* XZClient.swift */; };
		5333E19E24AC2302006D07F7 /* V2LeftAlignedCollectionViewFlowLayout.swift in Sources */ = {isa = PBXBuildFile; fileRef = 5333E19024AC2300006D07F7 /* V2LeftAlignedCollectionViewFlowLayout.swift */; };
		5333E1A124AC2302006D07F7 /* YuanCommunUserKeychain.swift in Sources */ = {isa = PBXBuildFile; fileRef = 5333E19324AC2301006D07F7 /* YuanCommunUserKeychain.swift */; };
		5333E1A224AC2302006D07F7 /* XZSettings.swift in Sources */ = {isa = PBXBuildFile; fileRef = 5333E19424AC2301006D07F7 /* XZSettings.swift */; };
		5333E1A324AC2302006D07F7 /* V2ProgressHUD.swift in Sources */ = {isa = PBXBuildFile; fileRef = 5333E19524AC2301006D07F7 /* V2ProgressHUD.swift */; };
		5333E1A424AC2302006D07F7 /* V2ex+Define.swift in Sources */ = {isa = PBXBuildFile; fileRef = 5333E19624AC2301006D07F7 /* V2ex+Define.swift */; };
		5333E1A524AC2302006D07F7 /* XZStyle.swift in Sources */ = {isa = PBXBuildFile; fileRef = 5333E19724AC2301006D07F7 /* XZStyle.swift */; };
		5333E1A624AC2302006D07F7 /* V2HitTestSlopButton.swift in Sources */ = {isa = PBXBuildFile; fileRef = 5333E19824AC2302006D07F7 /* V2HitTestSlopButton.swift */; };
		5333E1A724AC2302006D07F7 /* WebViewImageProtocol.swift in Sources */ = {isa = PBXBuildFile; fileRef = 5333E19924AC2302006D07F7 /* WebViewImageProtocol.swift */; };
		5333E1B024AC232C006D07F7 /* JSTools.js in Resources */ = {isa = PBXBuildFile; fileRef = 5333E1A824AC232B006D07F7 /* JSTools.js */; };
		5333E1B124AC232C006D07F7 /* String+Avatar.swift in Sources */ = {isa = PBXBuildFile; fileRef = 5333E1A924AC232B006D07F7 /* String+Avatar.swift */; };
		5333E1B224AC232C006D07F7 /* AnalyzeURLHelper.swift in Sources */ = {isa = PBXBuildFile; fileRef = 5333E1AA24AC232B006D07F7 /* AnalyzeURLHelper.swift */; };
		5333E1B324AC232C006D07F7 /* UIImage+Extension.swift in Sources */ = {isa = PBXBuildFile; fileRef = 5333E1AB24AC232B006D07F7 /* UIImage+Extension.swift */; };
		5333E1B424AC232C006D07F7 /* UITableView+Extension.swift in Sources */ = {isa = PBXBuildFile; fileRef = 5333E1AC24AC232B006D07F7 /* UITableView+Extension.swift */; };
		5333E1B524AC232C006D07F7 /* UIImageView+Extension.swift in Sources */ = {isa = PBXBuildFile; fileRef = 5333E1AD24AC232B006D07F7 /* UIImageView+Extension.swift */; };
		5333E1B624AC232C006D07F7 /* SVProgressHUD+Extension.swift in Sources */ = {isa = PBXBuildFile; fileRef = 5333E1AE24AC232B006D07F7 /* SVProgressHUD+Extension.swift */; };
		5333E1B724AC232C006D07F7 /* Request+Extension.swift in Sources */ = {isa = PBXBuildFile; fileRef = 5333E1AF24AC232C006D07F7 /* Request+Extension.swift */; };
		5333E1B924AC2333006D07F7 /* UITableView+FINAutomaticHeightCell.swift in Sources */ = {isa = PBXBuildFile; fileRef = 5333E1B824AC2333006D07F7 /* UITableView+FINAutomaticHeightCell.swift */; };
		5333E1BC24AC24DA006D07F7 /* Observable+Extension.swift in Sources */ = {isa = PBXBuildFile; fileRef = 5333E1BA24AC24DA006D07F7 /* Observable+Extension.swift */; };
		5333E1BD24AC24DA006D07F7 /* XZTargetType.swift in Sources */ = {isa = PBXBuildFile; fileRef = 5333E1BB24AC24DA006D07F7 /* XZTargetType.swift */; };
		5333E1BF24AC25BD006D07F7 /* XZWebViewViewController.swift in Sources */ = {isa = PBXBuildFile; fileRef = 5333E1BE24AC25BD006D07F7 /* XZWebViewViewController.swift */; };
		5333E1E324AC26B1006D07F7 /* LeftNodeTableViewCell.swift in Sources */ = {isa = PBXBuildFile; fileRef = 5333E1C024AC26AC006D07F7 /* LeftNodeTableViewCell.swift */; };
		5333E1E424AC26B1006D07F7 /* TopicDetailToolCell.swift in Sources */ = {isa = PBXBuildFile; fileRef = 5333E1C124AC26AD006D07F7 /* TopicDetailToolCell.swift */; };
		5333E1E524AC26B1006D07F7 /* INSImageView.swift in Sources */ = {isa = PBXBuildFile; fileRef = 5333E1C224AC26AD006D07F7 /* INSImageView.swift */; };
		5333E1E724AC26B1006D07F7 /* NodeCollectionReusableView.swift in Sources */ = {isa = PBXBuildFile; fileRef = 5333E1C424AC26AD006D07F7 /* NodeCollectionReusableView.swift */; };
		5333E1E824AC26B1006D07F7 /* V2ActivityViewController.swift in Sources */ = {isa = PBXBuildFile; fileRef = 5333E1C524AC26AD006D07F7 /* V2ActivityViewController.swift */; };
		5333E1E924AC26B1006D07F7 /* LogoutTableViewCell.swift in Sources */ = {isa = PBXBuildFile; fileRef = 5333E1C624AC26AE006D07F7 /* LogoutTableViewCell.swift */; };
		5333E1EA24AC26B1006D07F7 /* V2RefreshHeader.swift in Sources */ = {isa = PBXBuildFile; fileRef = 5333E1C724AC26AE006D07F7 /* V2RefreshHeader.swift */; };
		5333E1EB24AC26B1006D07F7 /* NotificationTableViewCell.swift in Sources */ = {isa = PBXBuildFile; fileRef = 5333E1C824AC26AE006D07F7 /* NotificationTableViewCell.swift */; };
		5333E1EC24AC26B1006D07F7 /* PodCellTableViewCell.swift in Sources */ = {isa = PBXBuildFile; fileRef = 5333E1C924AC26AE006D07F7 /* PodCellTableViewCell.swift */; };
		5333E1ED24AC26B1006D07F7 /* V2SpacingLabel.swift in Sources */ = {isa = PBXBuildFile; fileRef = 5333E1CA24AC26AE006D07F7 /* V2SpacingLabel.swift */; };
		5333E1EE24AC26B1006D07F7 /* TopicDetailWebViewContentCell.swift in Sources */ = {isa = PBXBuildFile; fileRef = 5333E1CB24AC26AF006D07F7 /* TopicDetailWebViewContentCell.swift */; };
		5333E1EF24AC26B1006D07F7 /* BaseDetailTableViewCell.swift in Sources */ = {isa = PBXBuildFile; fileRef = 5333E1CC24AC26AF006D07F7 /* BaseDetailTableViewCell.swift */; };
		5333E1F124AC26B1006D07F7 /* V2RefreshFooter.swift in Sources */ = {isa = PBXBuildFile; fileRef = 5333E1CE24AC26AF006D07F7 /* V2RefreshFooter.swift */; };
		5333E1F224AC26B1006D07F7 /* HomeTopicListTableViewCell.swift in Sources */ = {isa = PBXBuildFile; fileRef = 5333E1CF24AC26AF006D07F7 /* HomeTopicListTableViewCell.swift */; };
		5333E1F324AC26B1006D07F7 /* AccountListTableViewCell.swift in Sources */ = {isa = PBXBuildFile; fileRef = 5333E1D024AC26AF006D07F7 /* AccountListTableViewCell.swift */; };
		5333E1F424AC26B1006D07F7 /* V2PhotoBrowser.swift in Sources */ = {isa = PBXBuildFile; fileRef = 5333E1D224AC26AF006D07F7 /* V2PhotoBrowser.swift */; };
		5333E1F524AC26B1006D07F7 /* V2PhotoBrowserTransionDismiss.swift in Sources */ = {isa = PBXBuildFile; fileRef = 5333E1D324AC26B0006D07F7 /* V2PhotoBrowserTransionDismiss.swift */; };
		5333E1F624AC26B1006D07F7 /* V2TapDetectingImageView.swift in Sources */ = {isa = PBXBuildFile; fileRef = 5333E1D424AC26B0006D07F7 /* V2TapDetectingImageView.swift */; };
		5333E1F724AC26B1006D07F7 /* V2Photo.swift in Sources */ = {isa = PBXBuildFile; fileRef = 5333E1D524AC26B0006D07F7 /* V2Photo.swift */; };
		5333E1F824AC26B1006D07F7 /* V2PhotoBrowserSwipeInteractiveTransition.swift in Sources */ = {isa = PBXBuildFile; fileRef = 5333E1D624AC26B0006D07F7 /* V2PhotoBrowserSwipeInteractiveTransition.swift */; };
		5333E1F924AC26B1006D07F7 /* V2ZoomingScrollView.swift in Sources */ = {isa = PBXBuildFile; fileRef = 5333E1D724AC26B0006D07F7 /* V2ZoomingScrollView.swift */; };
		5333E1FA24AC26B1006D07F7 /* V2PhotoBrowserTransionPresent.swift in Sources */ = {isa = PBXBuildFile; fileRef = 5333E1D824AC26B0006D07F7 /* V2PhotoBrowserTransionPresent.swift */; };
		5333E1FB24AC26B1006D07F7 /* NotificationMenuButton.swift in Sources */ = {isa = PBXBuildFile; fileRef = 5333E1D924AC26B0006D07F7 /* NotificationMenuButton.swift */; };
		5333E1FC24AC26B1006D07F7 /* TopicDetailCommentCell.swift in Sources */ = {isa = PBXBuildFile; fileRef = 5333E1DA24AC26B0006D07F7 /* TopicDetailCommentCell.swift */; };
		5333E1FD24AC26B1006D07F7 /* MemberTopicCell.swift in Sources */ = {isa = PBXBuildFile; fileRef = 5333E1DB24AC26B0006D07F7 /* MemberTopicCell.swift */; };
		5333E1FE24AC26B1006D07F7 /* MemberHeaderCell.swift in Sources */ = {isa = PBXBuildFile; fileRef = 5333E1DC24AC26B0006D07F7 /* MemberHeaderCell.swift */; };
		5333E1FF24AC26B1006D07F7 /* LeftUserHeadCell.swift in Sources */ = {isa = PBXBuildFile; fileRef = 5333E1DD24AC26B0006D07F7 /* LeftUserHeadCell.swift */; };
		5333E20024AC26B1006D07F7 /* MemberReplyCell.swift in Sources */ = {isa = PBXBuildFile; fileRef = 5333E1DE24AC26B0006D07F7 /* MemberReplyCell.swift */; };
		5333E20124AC26B1006D07F7 /* MenuNodeTableViewCell.swift in Sources */ = {isa = PBXBuildFile; fileRef = 5333E1DF24AC26B1006D07F7 /* MenuNodeTableViewCell.swift */; };
		5333E20224AC26B1006D07F7 /* TopicDetailHeaderCell.swift in Sources */ = {isa = PBXBuildFile; fileRef = 5333E1E024AC26B1006D07F7 /* TopicDetailHeaderCell.swift */; };
		5333E20324AC26B1006D07F7 /* V2LoadingView.swift in Sources */ = {isa = PBXBuildFile; fileRef = 5333E1E124AC26B1006D07F7 /* V2LoadingView.swift */; };
		5333E20424AC26B1006D07F7 /* NodeTableViewCell.swift in Sources */ = {isa = PBXBuildFile; fileRef = 5333E1E224AC26B1006D07F7 /* NodeTableViewCell.swift */; };
		5333E21824AC2739006D07F7 /* PostDetailViewController.swift in Sources */ = {isa = PBXBuildFile; fileRef = 5333E20524AC2735006D07F7 /* PostDetailViewController.swift */; };
		5333E21924AC2739006D07F7 /* MyCollectionViewController.swift in Sources */ = {isa = PBXBuildFile; fileRef = 5333E20624AC2735006D07F7 /* MyCollectionViewController.swift */; };
		5333E21A24AC2739006D07F7 /* LoginViewController.swift in Sources */ = {isa = PBXBuildFile; fileRef = 5333E20724AC2736006D07F7 /* LoginViewController.swift */; };
		5333E21B24AC2739006D07F7 /* BranchViewController.swift in Sources */ = {isa = PBXBuildFile; fileRef = 5333E20824AC2736006D07F7 /* BranchViewController.swift */; };
		5333E21C24AC2739006D07F7 /* ValidationViewController.swift in Sources */ = {isa = PBXBuildFile; fileRef = 5333E20924AC2736006D07F7 /* ValidationViewController.swift */; };
		5333E21E24AC2739006D07F7 /* MemberViewController.swift in Sources */ = {isa = PBXBuildFile; fileRef = 5333E20B24AC2736006D07F7 /* MemberViewController.swift */; };
		5333E21F24AC2739006D07F7 /* WritingViewController.swift in Sources */ = {isa = PBXBuildFile; fileRef = 5333E20D24AC2737006D07F7 /* WritingViewController.swift */; };
		5333E22024AC2739006D07F7 /* BaseViewController.swift in Sources */ = {isa = PBXBuildFile; fileRef = 5333E20E24AC2737006D07F7 /* BaseViewController.swift */; };
		5333E22124AC2739006D07F7 /* MyCenterViewController.swift in Sources */ = {isa = PBXBuildFile; fileRef = 5333E20F24AC2737006D07F7 /* MyCenterViewController.swift */; };
		5333E22224AC2739006D07F7 /* BranchTopicListViewController.swift in Sources */ = {isa = PBXBuildFile; fileRef = 5333E21024AC2737006D07F7 /* BranchTopicListViewController.swift */; };
		5333E22324AC2739006D07F7 /* UserViewController.swift in Sources */ = {isa = PBXBuildFile; fileRef = 5333E21124AC2737006D07F7 /* UserViewController.swift */; };
		5333E22424AC2739006D07F7 /* AccountsManagerViewController.swift in Sources */ = {isa = PBXBuildFile; fileRef = 5333E21224AC2738006D07F7 /* AccountsManagerViewController.swift */; };
		5333E22524AC2739006D07F7 /* MessageRemindViewController.swift in Sources */ = {isa = PBXBuildFile; fileRef = 5333E21324AC2738006D07F7 /* MessageRemindViewController.swift */; };
		5333E22624AC2739006D07F7 /* RelevantCommentsViewController.swift in Sources */ = {isa = PBXBuildFile; fileRef = 5333E21424AC2738006D07F7 /* RelevantCommentsViewController.swift */; };
		5333E22824AC2739006D07F7 /* MenuViewController.swift in Sources */ = {isa = PBXBuildFile; fileRef = 5333E21624AC2738006D07F7 /* MenuViewController.swift */; };
		5333E22D24AC2776006D07F7 /* YuanCommunityApi.swift in Sources */ = {isa = PBXBuildFile; fileRef = 5333E22B24AC2776006D07F7 /* YuanCommunityApi.swift */; };
		5333E23524AC2795006D07F7 /* TopicCommentModel.swift in Sources */ = {isa = PBXBuildFile; fileRef = 5333E22E24AC2794006D07F7 /* TopicCommentModel.swift */; };
		5333E23624AC2795006D07F7 /* NodeModel.swift in Sources */ = {isa = PBXBuildFile; fileRef = 5333E22F24AC2794006D07F7 /* NodeModel.swift */; };
		5333E23724AC2795006D07F7 /* MemberModel.swift in Sources */ = {isa = PBXBuildFile; fileRef = 5333E23024AC2795006D07F7 /* MemberModel.swift */; };
		5333E23924AC2795006D07F7 /* TopicDetailModel.swift in Sources */ = {isa = PBXBuildFile; fileRef = 5333E23224AC2795006D07F7 /* TopicDetailModel.swift */; };
		5333E23A24AC2795006D07F7 /* NotificationsModel.swift in Sources */ = {isa = PBXBuildFile; fileRef = 5333E23324AC2795006D07F7 /* NotificationsModel.swift */; };
		5333E24124AC29A3006D07F7 /* baseStyle.css in Resources */ = {isa = PBXBuildFile; fileRef = 5333E23D24AC29A3006D07F7 /* baseStyle.css */; };
		5333E24224AC29A3006D07F7 /* lightStyle.css in Resources */ = {isa = PBXBuildFile; fileRef = 5333E23E24AC29A3006D07F7 /* lightStyle.css */; };
		5333E24324AC29A3006D07F7 /* font.css in Resources */ = {isa = PBXBuildFile; fileRef = 5333E23F24AC29A3006D07F7 /* font.css */; };
		5333E24424AC29A3006D07F7 /* darkStyle.css in Resources */ = {isa = PBXBuildFile; fileRef = 5333E24024AC29A3006D07F7 /* darkStyle.css */; };
		5333E24724AC695C006D07F7 /* YuanCommunityV2ex.m in Sources */ = {isa = PBXBuildFile; fileRef = 5333E24624AC695C006D07F7 /* YuanCommunityV2ex.m */; };
		5333E24A24AD84AB006D07F7 /* CQMenuTabView.m in Sources */ = {isa = PBXBuildFile; fileRef = 5333E24824AD84AB006D07F7 /* CQMenuTabView.m */; };
		81350DA10C4251CBC7C5FE3C /* libPods-YuanCommunityV2ex.a in Frameworks */ = {isa = PBXBuildFile; fileRef = 5618883ED402FDD93BE77FE0 /* libPods-YuanCommunityV2ex.a */; };
/* End PBXBuildFile section */

/* Begin PBXFileReference section */
		2C16B37FF9E2D0092F979F2A /* Pods-YuanCommunityV2ex.release.xcconfig */ = {isa = PBXFileReference; includeInIndex = 1; lastKnownFileType = text.xcconfig; name = "Pods-YuanCommunityV2ex.release.xcconfig"; path = "Target Support Files/Pods-YuanCommunityV2ex/Pods-YuanCommunityV2ex.release.xcconfig"; sourceTree = "<group>"; };
		5333E14B24AB406A006D07F7 /* 猿社区.app */ = {isa = PBXFileReference; explicitFileType = wrapper.application; includeInIndex = 0; path = "猿社区.app"; sourceTree = BUILT_PRODUCTS_DIR; };
		5333E14E24AB406A006D07F7 /* AppDelegate.swift */ = {isa = PBXFileReference; lastKnownFileType = sourcecode.swift; path = AppDelegate.swift; sourceTree = "<group>"; };
		5333E15224AB406A006D07F7 /* ViewController.swift */ = {isa = PBXFileReference; lastKnownFileType = sourcecode.swift; path = ViewController.swift; sourceTree = "<group>"; };
		5333E15524AB406A006D07F7 /* Base */ = {isa = PBXFileReference; lastKnownFileType = file.storyboard; name = Base; path = Base.lproj/Main.storyboard; sourceTree = "<group>"; };
		5333E15824AB406A006D07F7 /* YuanCommunityV2ex.xcdatamodel */ = {isa = PBXFileReference; lastKnownFileType = wrapper.xcdatamodel; path = YuanCommunityV2ex.xcdatamodel; sourceTree = "<group>"; };
		5333E15A24AB406F006D07F7 /* Assets.xcassets */ = {isa = PBXFileReference; lastKnownFileType = folder.assetcatalog; path = Assets.xcassets; sourceTree = "<group>"; };
		5333E15D24AB406F006D07F7 /* Base */ = {isa = PBXFileReference; lastKnownFileType = file.storyboard; name = Base; path = Base.lproj/LaunchScreen.storyboard; sourceTree = "<group>"; };
		5333E15F24AB406F006D07F7 /* Info.plist */ = {isa = PBXFileReference; lastKnownFileType = text.plist.xml; path = Info.plist; sourceTree = "<group>"; };
		5333E16B24AC1C6F006D07F7 /* YuanCommunityV2ex-Bridging-Header.h */ = {isa = PBXFileReference; lastKnownFileType = sourcecode.c.h; path = "YuanCommunityV2ex-Bridging-Header.h"; sourceTree = "<group>"; };
		5333E16C24AC1C70006D07F7 /* LDTabBarController.h */ = {isa = PBXFileReference; fileEncoding = 4; lastKnownFileType = sourcecode.c.h; path = LDTabBarController.h; sourceTree = "<group>"; };
		5333E16D24AC1C70006D07F7 /* LDNavigationController.h */ = {isa = PBXFileReference; fileEncoding = 4; lastKnownFileType = sourcecode.c.h; path = LDNavigationController.h; sourceTree = "<group>"; };
		5333E16E24AC1C70006D07F7 /* LDColor.h */ = {isa = PBXFileReference; fileEncoding = 4; lastKnownFileType = sourcecode.c.h; path = LDColor.h; sourceTree = "<group>"; };
		5333E16F24AC1C70006D07F7 /* LDTabBar.m */ = {isa = PBXFileReference; fileEncoding = 4; lastKnownFileType = sourcecode.c.objc; path = LDTabBar.m; sourceTree = "<group>"; };
		5333E17024AC1C70006D07F7 /* LDTabBar.h */ = {isa = PBXFileReference; fileEncoding = 4; lastKnownFileType = sourcecode.c.h; path = LDTabBar.h; sourceTree = "<group>"; };
		5333E17124AC1C70006D07F7 /* LDNavigationController.m */ = {isa = PBXFileReference; fileEncoding = 4; lastKnownFileType = sourcecode.c.objc; path = LDNavigationController.m; sourceTree = "<group>"; };
		5333E17224AC1C70006D07F7 /* LDColor.m */ = {isa = PBXFileReference; fileEncoding = 4; lastKnownFileType = sourcecode.c.objc; path = LDColor.m; sourceTree = "<group>"; };
		5333E17324AC1C71006D07F7 /* LDTabBarController.m */ = {isa = PBXFileReference; fileEncoding = 4; lastKnownFileType = sourcecode.c.objc; path = LDTabBarController.m; sourceTree = "<group>"; };
		5333E17E24AC1FBD006D07F7 /* XZWebViewImageProtocol.swift */ = {isa = PBXFileReference; lastKnownFileType = sourcecode.swift; path = XZWebViewImageProtocol.swift; sourceTree = "<group>"; };
		5333E18024AC205B006D07F7 /* MainViewController.swift */ = {isa = PBXFileReference; lastKnownFileType = sourcecode.swift; path = MainViewController.swift; sourceTree = "<group>"; };
		5333E18224AC20D1006D07F7 /* TopicListModel.swift */ = {isa = PBXFileReference; lastKnownFileType = sourcecode.swift; path = TopicListModel.swift; sourceTree = "<group>"; };
		5333E18424AC2142006D07F7 /* BaseModel.swift */ = {isa = PBXFileReference; lastKnownFileType = sourcecode.swift; path = BaseModel.swift; sourceTree = "<group>"; };
		5333E18624AC21DA006D07F7 /* YuanCommunUser.swift */ = {isa = PBXFileReference; lastKnownFileType = sourcecode.swift; path = YuanCommunUser.swift; sourceTree = "<group>"; };
		5333E18824AC2227006D07F7 /* UserModel.swift */ = {isa = PBXFileReference; lastKnownFileType = sourcecode.swift; path = UserModel.swift; sourceTree = "<group>"; };
		5333E18A24AC2284006D07F7 /* XZResponse.swift */ = {isa = PBXFileReference; fileEncoding = 4; lastKnownFileType = sourcecode.swift; path = XZResponse.swift; sourceTree = "<group>"; };
		5333E18C24AC2300006D07F7 /* V2EXMentionedBindingParser.swift */ = {isa = PBXFileReference; fileEncoding = 4; lastKnownFileType = sourcecode.swift; path = V2EXMentionedBindingParser.swift; sourceTree = "<group>"; };
		5333E18D24AC2300006D07F7 /* UIView+Extension.swift */ = {isa = PBXFileReference; fileEncoding = 4; lastKnownFileType = sourcecode.swift; path = "UIView+Extension.swift"; sourceTree = "<group>"; };
		5333E18E24AC2300006D07F7 /* XZSwiftColor.swift */ = {isa = PBXFileReference; fileEncoding = 4; lastKnownFileType = sourcecode.swift; path = XZSwiftColor.swift; sourceTree = "<group>"; };
		5333E18F24AC2300006D07F7 /* XZClient.swift */ = {isa = PBXFileReference; fileEncoding = 4; lastKnownFileType = sourcecode.swift; path = XZClient.swift; sourceTree = "<group>"; };
		5333E19024AC2300006D07F7 /* V2LeftAlignedCollectionViewFlowLayout.swift */ = {isa = PBXFileReference; fileEncoding = 4; lastKnownFileType = sourcecode.swift; path = V2LeftAlignedCollectionViewFlowLayout.swift; sourceTree = "<group>"; };
		5333E19324AC2301006D07F7 /* YuanCommunUserKeychain.swift */ = {isa = PBXFileReference; fileEncoding = 4; lastKnownFileType = sourcecode.swift; path = YuanCommunUserKeychain.swift; sourceTree = "<group>"; };
		5333E19424AC2301006D07F7 /* XZSettings.swift */ = {isa = PBXFileReference; fileEncoding = 4; lastKnownFileType = sourcecode.swift; path = XZSettings.swift; sourceTree = "<group>"; };
		5333E19524AC2301006D07F7 /* V2ProgressHUD.swift */ = {isa = PBXFileReference; fileEncoding = 4; lastKnownFileType = sourcecode.swift; path = V2ProgressHUD.swift; sourceTree = "<group>"; };
		5333E19624AC2301006D07F7 /* V2ex+Define.swift */ = {isa = PBXFileReference; fileEncoding = 4; lastKnownFileType = sourcecode.swift; path = "V2ex+Define.swift"; sourceTree = "<group>"; };
		5333E19724AC2301006D07F7 /* XZStyle.swift */ = {isa = PBXFileReference; fileEncoding = 4; lastKnownFileType = sourcecode.swift; path = XZStyle.swift; sourceTree = "<group>"; };
		5333E19824AC2302006D07F7 /* V2HitTestSlopButton.swift */ = {isa = PBXFileReference; fileEncoding = 4; lastKnownFileType = sourcecode.swift; path = V2HitTestSlopButton.swift; sourceTree = "<group>"; };
		5333E19924AC2302006D07F7 /* WebViewImageProtocol.swift */ = {isa = PBXFileReference; fileEncoding = 4; lastKnownFileType = sourcecode.swift; path = WebViewImageProtocol.swift; sourceTree = "<group>"; };
		5333E1A824AC232B006D07F7 /* JSTools.js */ = {isa = PBXFileReference; fileEncoding = 4; lastKnownFileType = sourcecode.javascript; path = JSTools.js; sourceTree = "<group>"; };
		5333E1A924AC232B006D07F7 /* String+Avatar.swift */ = {isa = PBXFileReference; fileEncoding = 4; lastKnownFileType = sourcecode.swift; path = "String+Avatar.swift"; sourceTree = "<group>"; };
		5333E1AA24AC232B006D07F7 /* AnalyzeURLHelper.swift */ = {isa = PBXFileReference; fileEncoding = 4; lastKnownFileType = sourcecode.swift; path = AnalyzeURLHelper.swift; sourceTree = "<group>"; };
		5333E1AB24AC232B006D07F7 /* UIImage+Extension.swift */ = {isa = PBXFileReference; fileEncoding = 4; lastKnownFileType = sourcecode.swift; path = "UIImage+Extension.swift"; sourceTree = "<group>"; };
		5333E1AC24AC232B006D07F7 /* UITableView+Extension.swift */ = {isa = PBXFileReference; fileEncoding = 4; lastKnownFileType = sourcecode.swift; path = "UITableView+Extension.swift"; sourceTree = "<group>"; };
		5333E1AD24AC232B006D07F7 /* UIImageView+Extension.swift */ = {isa = PBXFileReference; fileEncoding = 4; lastKnownFileType = sourcecode.swift; path = "UIImageView+Extension.swift"; sourceTree = "<group>"; };
		5333E1AE24AC232B006D07F7 /* SVProgressHUD+Extension.swift */ = {isa = PBXFileReference; fileEncoding = 4; lastKnownFileType = sourcecode.swift; path = "SVProgressHUD+Extension.swift"; sourceTree = "<group>"; };
		5333E1AF24AC232C006D07F7 /* Request+Extension.swift */ = {isa = PBXFileReference; fileEncoding = 4; lastKnownFileType = sourcecode.swift; path = "Request+Extension.swift"; sourceTree = "<group>"; };
		5333E1B824AC2333006D07F7 /* UITableView+FINAutomaticHeightCell.swift */ = {isa = PBXFileReference; fileEncoding = 4; lastKnownFileType = sourcecode.swift; path = "UITableView+FINAutomaticHeightCell.swift"; sourceTree = "<group>"; };
		5333E1BA24AC24DA006D07F7 /* Observable+Extension.swift */ = {isa = PBXFileReference; fileEncoding = 4; lastKnownFileType = sourcecode.swift; path = "Observable+Extension.swift"; sourceTree = "<group>"; };
		5333E1BB24AC24DA006D07F7 /* XZTargetType.swift */ = {isa = PBXFileReference; fileEncoding = 4; lastKnownFileType = sourcecode.swift; path = XZTargetType.swift; sourceTree = "<group>"; };
		5333E1BE24AC25BD006D07F7 /* XZWebViewViewController.swift */ = {isa = PBXFileReference; lastKnownFileType = sourcecode.swift; path = XZWebViewViewController.swift; sourceTree = "<group>"; };
		5333E1C024AC26AC006D07F7 /* LeftNodeTableViewCell.swift */ = {isa = PBXFileReference; fileEncoding = 4; lastKnownFileType = sourcecode.swift; path = LeftNodeTableViewCell.swift; sourceTree = "<group>"; };
		5333E1C124AC26AD006D07F7 /* TopicDetailToolCell.swift */ = {isa = PBXFileReference; fileEncoding = 4; lastKnownFileType = sourcecode.swift; path = TopicDetailToolCell.swift; sourceTree = "<group>"; };
		5333E1C224AC26AD006D07F7 /* INSImageView.swift */ = {isa = PBXFileReference; fileEncoding = 4; lastKnownFileType = sourcecode.swift; path = INSImageView.swift; sourceTree = "<group>"; };
		5333E1C424AC26AD006D07F7 /* NodeCollectionReusableView.swift */ = {isa = PBXFileReference; fileEncoding = 4; lastKnownFileType = sourcecode.swift; path = NodeCollectionReusableView.swift; sourceTree = "<group>"; };
		5333E1C524AC26AD006D07F7 /* V2ActivityViewController.swift */ = {isa = PBXFileReference; fileEncoding = 4; lastKnownFileType = sourcecode.swift; path = V2ActivityViewController.swift; sourceTree = "<group>"; };
		5333E1C624AC26AE006D07F7 /* LogoutTableViewCell.swift */ = {isa = PBXFileReference; fileEncoding = 4; lastKnownFileType = sourcecode.swift; path = LogoutTableViewCell.swift; sourceTree = "<group>"; };
		5333E1C724AC26AE006D07F7 /* V2RefreshHeader.swift */ = {isa = PBXFileReference; fileEncoding = 4; lastKnownFileType = sourcecode.swift; path = V2RefreshHeader.swift; sourceTree = "<group>"; };
		5333E1C824AC26AE006D07F7 /* NotificationTableViewCell.swift */ = {isa = PBXFileReference; fileEncoding = 4; lastKnownFileType = sourcecode.swift; path = NotificationTableViewCell.swift; sourceTree = "<group>"; };
		5333E1C924AC26AE006D07F7 /* PodCellTableViewCell.swift */ = {isa = PBXFileReference; fileEncoding = 4; lastKnownFileType = sourcecode.swift; path = PodCellTableViewCell.swift; sourceTree = "<group>"; };
		5333E1CA24AC26AE006D07F7 /* V2SpacingLabel.swift */ = {isa = PBXFileReference; fileEncoding = 4; lastKnownFileType = sourcecode.swift; path = V2SpacingLabel.swift; sourceTree = "<group>"; };
		5333E1CB24AC26AF006D07F7 /* TopicDetailWebViewContentCell.swift */ = {isa = PBXFileReference; fileEncoding = 4; lastKnownFileType = sourcecode.swift; path = TopicDetailWebViewContentCell.swift; sourceTree = "<group>"; };
		5333E1CC24AC26AF006D07F7 /* BaseDetailTableViewCell.swift */ = {isa = PBXFileReference; fileEncoding = 4; lastKnownFileType = sourcecode.swift; path = BaseDetailTableViewCell.swift; sourceTree = "<group>"; };
		5333E1CE24AC26AF006D07F7 /* V2RefreshFooter.swift */ = {isa = PBXFileReference; fileEncoding = 4; lastKnownFileType = sourcecode.swift; path = V2RefreshFooter.swift; sourceTree = "<group>"; };
		5333E1CF24AC26AF006D07F7 /* HomeTopicListTableViewCell.swift */ = {isa = PBXFileReference; fileEncoding = 4; lastKnownFileType = sourcecode.swift; path = HomeTopicListTableViewCell.swift; sourceTree = "<group>"; };
		5333E1D024AC26AF006D07F7 /* AccountListTableViewCell.swift */ = {isa = PBXFileReference; fileEncoding = 4; lastKnownFileType = sourcecode.swift; path = AccountListTableViewCell.swift; sourceTree = "<group>"; };
		5333E1D224AC26AF006D07F7 /* V2PhotoBrowser.swift */ = {isa = PBXFileReference; fileEncoding = 4; lastKnownFileType = sourcecode.swift; path = V2PhotoBrowser.swift; sourceTree = "<group>"; };
		5333E1D324AC26B0006D07F7 /* V2PhotoBrowserTransionDismiss.swift */ = {isa = PBXFileReference; fileEncoding = 4; lastKnownFileType = sourcecode.swift; path = V2PhotoBrowserTransionDismiss.swift; sourceTree = "<group>"; };
		5333E1D424AC26B0006D07F7 /* V2TapDetectingImageView.swift */ = {isa = PBXFileReference; fileEncoding = 4; lastKnownFileType = sourcecode.swift; path = V2TapDetectingImageView.swift; sourceTree = "<group>"; };
		5333E1D524AC26B0006D07F7 /* V2Photo.swift */ = {isa = PBXFileReference; fileEncoding = 4; lastKnownFileType = sourcecode.swift; path = V2Photo.swift; sourceTree = "<group>"; };
		5333E1D624AC26B0006D07F7 /* V2PhotoBrowserSwipeInteractiveTransition.swift */ = {isa = PBXFileReference; fileEncoding = 4; lastKnownFileType = sourcecode.swift; path = V2PhotoBrowserSwipeInteractiveTransition.swift; sourceTree = "<group>"; };
		5333E1D724AC26B0006D07F7 /* V2ZoomingScrollView.swift */ = {isa = PBXFileReference; fileEncoding = 4; lastKnownFileType = sourcecode.swift; path = V2ZoomingScrollView.swift; sourceTree = "<group>"; };
		5333E1D824AC26B0006D07F7 /* V2PhotoBrowserTransionPresent.swift */ = {isa = PBXFileReference; fileEncoding = 4; lastKnownFileType = sourcecode.swift; path = V2PhotoBrowserTransionPresent.swift; sourceTree = "<group>"; };
		5333E1D924AC26B0006D07F7 /* NotificationMenuButton.swift */ = {isa = PBXFileReference; fileEncoding = 4; lastKnownFileType = sourcecode.swift; path = NotificationMenuButton.swift; sourceTree = "<group>"; };
		5333E1DA24AC26B0006D07F7 /* TopicDetailCommentCell.swift */ = {isa = PBXFileReference; fileEncoding = 4; lastKnownFileType = sourcecode.swift; path = TopicDetailCommentCell.swift; sourceTree = "<group>"; };
		5333E1DB24AC26B0006D07F7 /* MemberTopicCell.swift */ = {isa = PBXFileReference; fileEncoding = 4; lastKnownFileType = sourcecode.swift; path = MemberTopicCell.swift; sourceTree = "<group>"; };
		5333E1DC24AC26B0006D07F7 /* MemberHeaderCell.swift */ = {isa = PBXFileReference; fileEncoding = 4; lastKnownFileType = sourcecode.swift; path = MemberHeaderCell.swift; sourceTree = "<group>"; };
		5333E1DD24AC26B0006D07F7 /* LeftUserHeadCell.swift */ = {isa = PBXFileReference; fileEncoding = 4; lastKnownFileType = sourcecode.swift; path = LeftUserHeadCell.swift; sourceTree = "<group>"; };
		5333E1DE24AC26B0006D07F7 /* MemberReplyCell.swift */ = {isa = PBXFileReference; fileEncoding = 4; lastKnownFileType = sourcecode.swift; path = MemberReplyCell.swift; sourceTree = "<group>"; };
		5333E1DF24AC26B1006D07F7 /* MenuNodeTableViewCell.swift */ = {isa = PBXFileReference; fileEncoding = 4; lastKnownFileType = sourcecode.swift; path = MenuNodeTableViewCell.swift; sourceTree = "<group>"; };
		5333E1E024AC26B1006D07F7 /* TopicDetailHeaderCell.swift */ = {isa = PBXFileReference; fileEncoding = 4; lastKnownFileType = sourcecode.swift; path = TopicDetailHeaderCell.swift; sourceTree = "<group>"; };
		5333E1E124AC26B1006D07F7 /* V2LoadingView.swift */ = {isa = PBXFileReference; fileEncoding = 4; lastKnownFileType = sourcecode.swift; path = V2LoadingView.swift; sourceTree = "<group>"; };
		5333E1E224AC26B1006D07F7 /* NodeTableViewCell.swift */ = {isa = PBXFileReference; fileEncoding = 4; lastKnownFileType = sourcecode.swift; path = NodeTableViewCell.swift; sourceTree = "<group>"; };
		5333E20524AC2735006D07F7 /* PostDetailViewController.swift */ = {isa = PBXFileReference; fileEncoding = 4; lastKnownFileType = sourcecode.swift; path = PostDetailViewController.swift; sourceTree = "<group>"; };
		5333E20624AC2735006D07F7 /* MyCollectionViewController.swift */ = {isa = PBXFileReference; fileEncoding = 4; lastKnownFileType = sourcecode.swift; path = MyCollectionViewController.swift; sourceTree = "<group>"; };
		5333E20724AC2736006D07F7 /* LoginViewController.swift */ = {isa = PBXFileReference; fileEncoding = 4; lastKnownFileType = sourcecode.swift; path = LoginViewController.swift; sourceTree = "<group>"; };
		5333E20824AC2736006D07F7 /* BranchViewController.swift */ = {isa = PBXFileReference; fileEncoding = 4; lastKnownFileType = sourcecode.swift; path = BranchViewController.swift; sourceTree = "<group>"; };
		5333E20924AC2736006D07F7 /* ValidationViewController.swift */ = {isa = PBXFileReference; fileEncoding = 4; lastKnownFileType = sourcecode.swift; path = ValidationViewController.swift; sourceTree = "<group>"; };
		5333E20B24AC2736006D07F7 /* MemberViewController.swift */ = {isa = PBXFileReference; fileEncoding = 4; lastKnownFileType = sourcecode.swift; path = MemberViewController.swift; sourceTree = "<group>"; };
		5333E20D24AC2737006D07F7 /* WritingViewController.swift */ = {isa = PBXFileReference; fileEncoding = 4; lastKnownFileType = sourcecode.swift; path = WritingViewController.swift; sourceTree = "<group>"; };
		5333E20E24AC2737006D07F7 /* BaseViewController.swift */ = {isa = PBXFileReference; fileEncoding = 4; lastKnownFileType = sourcecode.swift; path = BaseViewController.swift; sourceTree = "<group>"; };
		5333E20F24AC2737006D07F7 /* MyCenterViewController.swift */ = {isa = PBXFileReference; fileEncoding = 4; lastKnownFileType = sourcecode.swift; path = MyCenterViewController.swift; sourceTree = "<group>"; };
		5333E21024AC2737006D07F7 /* BranchTopicListViewController.swift */ = {isa = PBXFileReference; fileEncoding = 4; lastKnownFileType = sourcecode.swift; path = BranchTopicListViewController.swift; sourceTree = "<group>"; };
		5333E21124AC2737006D07F7 /* UserViewController.swift */ = {isa = PBXFileReference; fileEncoding = 4; lastKnownFileType = sourcecode.swift; path = UserViewController.swift; sourceTree = "<group>"; };
		5333E21224AC2738006D07F7 /* AccountsManagerViewController.swift */ = {isa = PBXFileReference; fileEncoding = 4; lastKnownFileType = sourcecode.swift; path = AccountsManagerViewController.swift; sourceTree = "<group>"; };
		5333E21324AC2738006D07F7 /* MessageRemindViewController.swift */ = {isa = PBXFileReference; fileEncoding = 4; lastKnownFileType = sourcecode.swift; path = MessageRemindViewController.swift; sourceTree = "<group>"; };
		5333E21424AC2738006D07F7 /* RelevantCommentsViewController.swift */ = {isa = PBXFileReference; fileEncoding = 4; lastKnownFileType = sourcecode.swift; path = RelevantCommentsViewController.swift; sourceTree = "<group>"; };
		5333E21624AC2738006D07F7 /* MenuViewController.swift */ = {isa = PBXFileReference; fileEncoding = 4; lastKnownFileType = sourcecode.swift; path = MenuViewController.swift; sourceTree = "<group>"; };
		5333E22B24AC2776006D07F7 /* YuanCommunityApi.swift */ = {isa = PBXFileReference; fileEncoding = 4; lastKnownFileType = sourcecode.swift; path = YuanCommunityApi.swift; sourceTree = "<group>"; };
		5333E22E24AC2794006D07F7 /* TopicCommentModel.swift */ = {isa = PBXFileReference; fileEncoding = 4; lastKnownFileType = sourcecode.swift; path = TopicCommentModel.swift; sourceTree = "<group>"; };
		5333E22F24AC2794006D07F7 /* NodeModel.swift */ = {isa = PBXFileReference; fileEncoding = 4; lastKnownFileType = sourcecode.swift; path = NodeModel.swift; sourceTree = "<group>"; };
		5333E23024AC2795006D07F7 /* MemberModel.swift */ = {isa = PBXFileReference; fileEncoding = 4; lastKnownFileType = sourcecode.swift; path = MemberModel.swift; sourceTree = "<group>"; };
		5333E23224AC2795006D07F7 /* TopicDetailModel.swift */ = {isa = PBXFileReference; fileEncoding = 4; lastKnownFileType = sourcecode.swift; path = TopicDetailModel.swift; sourceTree = "<group>"; };
		5333E23324AC2795006D07F7 /* NotificationsModel.swift */ = {isa = PBXFileReference; fileEncoding = 4; lastKnownFileType = sourcecode.swift; path = NotificationsModel.swift; sourceTree = "<group>"; };
		5333E23D24AC29A3006D07F7 /* baseStyle.css */ = {isa = PBXFileReference; fileEncoding = 4; lastKnownFileType = text.css; path = baseStyle.css; sourceTree = "<group>"; };
		5333E23E24AC29A3006D07F7 /* lightStyle.css */ = {isa = PBXFileReference; fileEncoding = 4; lastKnownFileType = text.css; path = lightStyle.css; sourceTree = "<group>"; };
		5333E23F24AC29A3006D07F7 /* font.css */ = {isa = PBXFileReference; fileEncoding = 4; lastKnownFileType = text.css; path = font.css; sourceTree = "<group>"; };
		5333E24024AC29A3006D07F7 /* darkStyle.css */ = {isa = PBXFileReference; fileEncoding = 4; lastKnownFileType = text.css; path = darkStyle.css; sourceTree = "<group>"; };
		5333E24524AC695C006D07F7 /* YuanCommunityV2ex.h */ = {isa = PBXFileReference; lastKnownFileType = sourcecode.c.h; path = YuanCommunityV2ex.h; sourceTree = "<group>"; };
		5333E24624AC695C006D07F7 /* YuanCommunityV2ex.m */ = {isa = PBXFileReference; lastKnownFileType = sourcecode.c.objc; path = YuanCommunityV2ex.m; sourceTree = "<group>"; };
		5333E24824AD84AB006D07F7 /* CQMenuTabView.m */ = {isa = PBXFileReference; fileEncoding = 4; lastKnownFileType = sourcecode.c.objc; path = CQMenuTabView.m; sourceTree = "<group>"; };
		5333E24924AD84AB006D07F7 /* CQMenuTabView.h */ = {isa = PBXFileReference; fileEncoding = 4; lastKnownFileType = sourcecode.c.h; path = CQMenuTabView.h; sourceTree = "<group>"; };
		5618883ED402FDD93BE77FE0 /* libPods-YuanCommunityV2ex.a */ = {isa = PBXFileReference; explicitFileType = archive.ar; includeInIndex = 0; path = "libPods-YuanCommunityV2ex.a"; sourceTree = BUILT_PRODUCTS_DIR; };
		CC09CA7FC3D5AC2B0136A104 /* Pods-YuanCommunityV2ex.debug.xcconfig */ = {isa = PBXFileReference; includeInIndex = 1; lastKnownFileType = text.xcconfig; name = "Pods-YuanCommunityV2ex.debug.xcconfig"; path = "Target Support Files/Pods-YuanCommunityV2ex/Pods-YuanCommunityV2ex.debug.xcconfig"; sourceTree = "<group>"; };
/* End PBXFileReference section */

/* Begin PBXFrameworksBuildPhase section */
		5333E14824AB406A006D07F7 /* Frameworks */ = {
			isa = PBXFrameworksBuildPhase;
			buildActionMask = 2147483647;
			files = (
				81350DA10C4251CBC7C5FE3C /* libPods-YuanCommunityV2ex.a in Frameworks */,
			);
			runOnlyForDeploymentPostprocessing = 0;
		};
/* End PBXFrameworksBuildPhase section */

/* Begin PBXGroup section */
		1A9ED9E4B2FC8B46D4A0CEF0 /* Pods */ = {
			isa = PBXGroup;
			children = (
				CC09CA7FC3D5AC2B0136A104 /* Pods-YuanCommunityV2ex.debug.xcconfig */,
				2C16B37FF9E2D0092F979F2A /* Pods-YuanCommunityV2ex.release.xcconfig */,
			);
			path = Pods;
			sourceTree = "<group>";
		};
		5333E14224AB406A006D07F7 = {
			isa = PBXGroup;
			children = (
				5333E16924AC1C3F006D07F7 /* Util */,
				5333E16824AC1C35006D07F7 /* Model */,
				5333E16724AC1C2A006D07F7 /* View */,
				5333E16524AC1C15006D07F7 /* Controller */,
				5333E14D24AB406A006D07F7 /* YuanCommunityV2ex */,
				5333E14C24AB406A006D07F7 /* Products */,
				1A9ED9E4B2FC8B46D4A0CEF0 /* Pods */,
				F683D8069CFB2035FF66EA1F /* Frameworks */,
			);
			sourceTree = "<group>";
		};
		5333E14C24AB406A006D07F7 /* Products */ = {
			isa = PBXGroup;
			children = (
				5333E14B24AB406A006D07F7 /* 猿社区.app */,
			);
			name = Products;
			sourceTree = "<group>";
		};
		5333E14D24AB406A006D07F7 /* YuanCommunityV2ex */ = {
			isa = PBXGroup;
			children = (
				5333E14E24AB406A006D07F7 /* AppDelegate.swift */,
				5333E15224AB406A006D07F7 /* ViewController.swift */,
				5333E15424AB406A006D07F7 /* Main.storyboard */,
				5333E15A24AB406F006D07F7 /* Assets.xcassets */,
				5333E15C24AB406F006D07F7 /* LaunchScreen.storyboard */,
				5333E15F24AB406F006D07F7 /* Info.plist */,
				5333E15724AB406A006D07F7 /* YuanCommunityV2ex.xcdatamodeld */,
				5333E24524AC695C006D07F7 /* YuanCommunityV2ex.h */,
				5333E24624AC695C006D07F7 /* YuanCommunityV2ex.m */,
			);
			path = YuanCommunityV2ex;
			sourceTree = "<group>";
		};
		5333E16524AC1C15006D07F7 /* Controller */ = {
			isa = PBXGroup;
			children = (
				5333E20E24AC2737006D07F7 /* BaseViewController.swift */,
				5333E18024AC205B006D07F7 /* MainViewController.swift */,
				5333E21624AC2738006D07F7 /* MenuViewController.swift */,
				5333E21224AC2738006D07F7 /* AccountsManagerViewController.swift */,
				5333E20624AC2735006D07F7 /* MyCollectionViewController.swift */,
				5333E20724AC2736006D07F7 /* LoginViewController.swift */,
				5333E20B24AC2736006D07F7 /* MemberViewController.swift */,
				5333E20F24AC2737006D07F7 /* MyCenterViewController.swift */,
				5333E20824AC2736006D07F7 /* BranchViewController.swift */,
				5333E21024AC2737006D07F7 /* BranchTopicListViewController.swift */,
				5333E21324AC2738006D07F7 /* MessageRemindViewController.swift */,
				5333E21424AC2738006D07F7 /* RelevantCommentsViewController.swift */,
				5333E20524AC2735006D07F7 /* PostDetailViewController.swift */,
				5333E20924AC2736006D07F7 /* ValidationViewController.swift */,
				5333E21124AC2737006D07F7 /* UserViewController.swift */,
				5333E20D24AC2737006D07F7 /* WritingViewController.swift */,
				5333E1BE24AC25BD006D07F7 /* XZWebViewViewController.swift */,
			);
			path = Controller;
			sourceTree = "<group>";
		};
		5333E16724AC1C2A006D07F7 /* View */ = {
			isa = PBXGroup;
			children = (
				5333E1D024AC26AF006D07F7 /* AccountListTableViewCell.swift */,
				5333E1CC24AC26AF006D07F7 /* BaseDetailTableViewCell.swift */,
				5333E1CF24AC26AF006D07F7 /* HomeTopicListTableViewCell.swift */,
				5333E1C224AC26AD006D07F7 /* INSImageView.swift */,
				5333E1C024AC26AC006D07F7 /* LeftNodeTableViewCell.swift */,
				5333E1DD24AC26B0006D07F7 /* LeftUserHeadCell.swift */,
				5333E1C624AC26AE006D07F7 /* LogoutTableViewCell.swift */,
				5333E1DC24AC26B0006D07F7 /* MemberHeaderCell.swift */,
				5333E1DE24AC26B0006D07F7 /* MemberReplyCell.swift */,
				5333E1DB24AC26B0006D07F7 /* MemberTopicCell.swift */,
				5333E1C424AC26AD006D07F7 /* NodeCollectionReusableView.swift */,
				5333E1E224AC26B1006D07F7 /* NodeTableViewCell.swift */,
				5333E1D924AC26B0006D07F7 /* NotificationMenuButton.swift */,
				5333E1C824AC26AE006D07F7 /* NotificationTableViewCell.swift */,
				5333E1C924AC26AE006D07F7 /* PodCellTableViewCell.swift */,
				5333E1DF24AC26B1006D07F7 /* MenuNodeTableViewCell.swift */,
				5333E1DA24AC26B0006D07F7 /* TopicDetailCommentCell.swift */,
				5333E1E024AC26B1006D07F7 /* TopicDetailHeaderCell.swift */,
				5333E1C124AC26AD006D07F7 /* TopicDetailToolCell.swift */,
				5333E1CB24AC26AF006D07F7 /* TopicDetailWebViewContentCell.swift */,
				5333E1C524AC26AD006D07F7 /* V2ActivityViewController.swift */,
				5333E1E124AC26B1006D07F7 /* V2LoadingView.swift */,
				5333E1D124AC26AF006D07F7 /* V2PhotoBrowser */,
				5333E1CE24AC26AF006D07F7 /* V2RefreshFooter.swift */,
				5333E1C724AC26AE006D07F7 /* V2RefreshHeader.swift */,
				5333E1CA24AC26AE006D07F7 /* V2SpacingLabel.swift */,
			);
			path = View;
			sourceTree = "<group>";
		};
		5333E16824AC1C35006D07F7 /* Model */ = {
			isa = PBXGroup;
			children = (
				5333E22B24AC2776006D07F7 /* YuanCommunityApi.swift */,
				5333E18224AC20D1006D07F7 /* TopicListModel.swift */,
				5333E18424AC2142006D07F7 /* BaseModel.swift */,
				5333E23024AC2795006D07F7 /* MemberModel.swift */,
				5333E22F24AC2794006D07F7 /* NodeModel.swift */,
				5333E23324AC2795006D07F7 /* NotificationsModel.swift */,
				5333E22E24AC2794006D07F7 /* TopicCommentModel.swift */,
				5333E23224AC2795006D07F7 /* TopicDetailModel.swift */,
				5333E18824AC2227006D07F7 /* UserModel.swift */,
			);
			path = Model;
			sourceTree = "<group>";
		};
		5333E16924AC1C3F006D07F7 /* Util */ = {
			isa = PBXGroup;
			children = (
				5333E23C24AC29A3006D07F7 /* CSS */,
				5333E16E24AC1C70006D07F7 /* LDColor.h */,
				5333E17224AC1C70006D07F7 /* LDColor.m */,
				5333E24924AD84AB006D07F7 /* CQMenuTabView.h */,
				5333E24824AD84AB006D07F7 /* CQMenuTabView.m */,
				5333E16D24AC1C70006D07F7 /* LDNavigationController.h */,
				5333E17124AC1C70006D07F7 /* LDNavigationController.m */,
				5333E17024AC1C70006D07F7 /* LDTabBar.h */,
				5333E16F24AC1C70006D07F7 /* LDTabBar.m */,
				5333E16C24AC1C70006D07F7 /* LDTabBarController.h */,
				5333E17324AC1C71006D07F7 /* LDTabBarController.m */,
				5333E16B24AC1C6F006D07F7 /* YuanCommunityV2ex-Bridging-Header.h */,
				5333E17E24AC1FBD006D07F7 /* XZWebViewImageProtocol.swift */,
				5333E18624AC21DA006D07F7 /* YuanCommunUser.swift */,
				5333E18D24AC2300006D07F7 /* UIView+Extension.swift */,
				5333E18F24AC2300006D07F7 /* XZClient.swift */,
				5333E19624AC2301006D07F7 /* V2ex+Define.swift */,
				5333E18C24AC2300006D07F7 /* V2EXMentionedBindingParser.swift */,
				5333E19424AC2301006D07F7 /* XZSettings.swift */,
				5333E19824AC2302006D07F7 /* V2HitTestSlopButton.swift */,
				5333E19024AC2300006D07F7 /* V2LeftAlignedCollectionViewFlowLayout.swift */,
				5333E19524AC2301006D07F7 /* V2ProgressHUD.swift */,
				5333E19724AC2301006D07F7 /* XZStyle.swift */,
				5333E19324AC2301006D07F7 /* YuanCommunUserKeychain.swift */,
				5333E19924AC2302006D07F7 /* WebViewImageProtocol.swift */,
				5333E18E24AC2300006D07F7 /* XZSwiftColor.swift */,
				5333E18A24AC2284006D07F7 /* XZResponse.swift */,
				5333E1AA24AC232B006D07F7 /* AnalyzeURLHelper.swift */,
				5333E1A824AC232B006D07F7 /* JSTools.js */,
				5333E1AF24AC232C006D07F7 /* Request+Extension.swift */,
				5333E1A924AC232B006D07F7 /* String+Avatar.swift */,
				5333E1AE24AC232B006D07F7 /* SVProgressHUD+Extension.swift */,
				5333E1AB24AC232B006D07F7 /* UIImage+Extension.swift */,
				5333E1AD24AC232B006D07F7 /* UIImageView+Extension.swift */,
				5333E1AC24AC232B006D07F7 /* UITableView+Extension.swift */,
				5333E1B824AC2333006D07F7 /* UITableView+FINAutomaticHeightCell.swift */,
				5333E1BA24AC24DA006D07F7 /* Observable+Extension.swift */,
				5333E1BB24AC24DA006D07F7 /* XZTargetType.swift */,
			);
			path = Util;
			sourceTree = "<group>";
		};
		5333E1D124AC26AF006D07F7 /* V2PhotoBrowser */ = {
			isa = PBXGroup;
			children = (
				5333E1D224AC26AF006D07F7 /* V2PhotoBrowser.swift */,
				5333E1D324AC26B0006D07F7 /* V2PhotoBrowserTransionDismiss.swift */,
				5333E1D424AC26B0006D07F7 /* V2TapDetectingImageView.swift */,
				5333E1D524AC26B0006D07F7 /* V2Photo.swift */,
				5333E1D624AC26B0006D07F7 /* V2PhotoBrowserSwipeInteractiveTransition.swift */,
				5333E1D724AC26B0006D07F7 /* V2ZoomingScrollView.swift */,
				5333E1D824AC26B0006D07F7 /* V2PhotoBrowserTransionPresent.swift */,
			);
			path = V2PhotoBrowser;
			sourceTree = "<group>";
		};
		5333E23C24AC29A3006D07F7 /* CSS */ = {
			isa = PBXGroup;
			children = (
				5333E23D24AC29A3006D07F7 /* baseStyle.css */,
				5333E23E24AC29A3006D07F7 /* lightStyle.css */,
				5333E23F24AC29A3006D07F7 /* font.css */,
				5333E24024AC29A3006D07F7 /* darkStyle.css */,
			);
			path = CSS;
			sourceTree = "<group>";
		};
		F683D8069CFB2035FF66EA1F /* Frameworks */ = {
			isa = PBXGroup;
			children = (
				5618883ED402FDD93BE77FE0 /* libPods-YuanCommunityV2ex.a */,
			);
			name = Frameworks;
			sourceTree = "<group>";
		};
/* End PBXGroup section */

/* Begin PBXNativeTarget section */
		5333E14A24AB406A006D07F7 /* YuanCommunityV2ex */ = {
			isa = PBXNativeTarget;
			buildConfigurationList = 5333E16224AB406F006D07F7 /* Build configuration list for PBXNativeTarget "YuanCommunityV2ex" */;
			buildPhases = (
				293450B60B520392C1801982 /* [CP] Check Pods Manifest.lock */,
				5333E14724AB406A006D07F7 /* Sources */,
				5333E14824AB406A006D07F7 /* Frameworks */,
				5333E14924AB406A006D07F7 /* Resources */,
				D688DA48F4949016753B1948 /* [CP] Copy Pods Resources */,
			);
			buildRules = (
			);
			dependencies = (
			);
			name = YuanCommunityV2ex;
			productName = YuanCommunityV2ex;
			productReference = 5333E14B24AB406A006D07F7 /* 猿社区.app */;
			productType = "com.apple.product-type.application";
		};
/* End PBXNativeTarget section */

/* Begin PBXProject section */
		5333E14324AB406A006D07F7 /* Project object */ = {
			isa = PBXProject;
			attributes = {
				LastSwiftUpdateCheck = 1150;
				LastUpgradeCheck = 1150;
				ORGANIZATIONNAME = com.xuzhou;
				TargetAttributes = {
					5333E14A24AB406A006D07F7 = {
						CreatedOnToolsVersion = 11.5;
						LastSwiftMigration = 1150;
					};
				};
			};
			buildConfigurationList = 5333E14624AB406A006D07F7 /* Build configuration list for PBXProject "YuanCommunityV2ex" */;
			compatibilityVersion = "Xcode 9.3";
			developmentRegion = en;
			hasScannedForEncodings = 0;
			knownRegions = (
				en,
				Base,
			);
			mainGroup = 5333E14224AB406A006D07F7;
			productRefGroup = 5333E14C24AB406A006D07F7 /* Products */;
			projectDirPath = "";
			projectRoot = "";
			targets = (
				5333E14A24AB406A006D07F7 /* YuanCommunityV2ex */,
			);
		};
/* End PBXProject section */

/* Begin PBXResourcesBuildPhase section */
		5333E14924AB406A006D07F7 /* Resources */ = {
			isa = PBXResourcesBuildPhase;
			buildActionMask = 2147483647;
			files = (
				5333E24224AC29A3006D07F7 /* lightStyle.css in Resources */,
				5333E24324AC29A3006D07F7 /* font.css in Resources */,
				5333E15E24AB406F006D07F7 /* LaunchScreen.storyboard in Resources */,
				5333E15B24AB406F006D07F7 /* Assets.xcassets in Resources */,
				5333E24124AC29A3006D07F7 /* baseStyle.css in Resources */,
				5333E15624AB406A006D07F7 /* Main.storyboard in Resources */,
				5333E1B024AC232C006D07F7 /* JSTools.js in Resources */,
				5333E24424AC29A3006D07F7 /* darkStyle.css in Resources */,
			);
			runOnlyForDeploymentPostprocessing = 0;
		};
/* End PBXResourcesBuildPhase section */

/* Begin PBXShellScriptBuildPhase section */
		293450B60B520392C1801982 /* [CP] Check Pods Manifest.lock */ = {
			isa = PBXShellScriptBuildPhase;
			buildActionMask = 2147483647;
			files = (
			);
			inputFileListPaths = (
			);
			inputPaths = (
				"${PODS_PODFILE_DIR_PATH}/Podfile.lock",
				"${PODS_ROOT}/Manifest.lock",
			);
			name = "[CP] Check Pods Manifest.lock";
			outputFileListPaths = (
			);
			outputPaths = (
				"$(DERIVED_FILE_DIR)/Pods-YuanCommunityV2ex-checkManifestLockResult.txt",
			);
			runOnlyForDeploymentPostprocessing = 0;
			shellPath = /bin/sh;
			shellScript = "diff \"${PODS_PODFILE_DIR_PATH}/Podfile.lock\" \"${PODS_ROOT}/Manifest.lock\" > /dev/null\nif [ $? != 0 ] ; then\n    # print error to STDERR\n    echo \"error: The sandbox is not in sync with the Podfile.lock. Run 'pod install' or update your CocoaPods installation.\" >&2\n    exit 1\nfi\n# This output is used by Xcode 'outputs' to avoid re-running this script phase.\necho \"SUCCESS\" > \"${SCRIPT_OUTPUT_FILE_0}\"\n";
			showEnvVarsInLog = 0;
		};
		D688DA48F4949016753B1948 /* [CP] Copy Pods Resources */ = {
			isa = PBXShellScriptBuildPhase;
			buildActionMask = 2147483647;
			files = (
			);
			inputFileListPaths = (
				"${PODS_ROOT}/Target Support Files/Pods-YuanCommunityV2ex/Pods-YuanCommunityV2ex-resources-${CONFIGURATION}-input-files.xcfilelist",
			);
			name = "[CP] Copy Pods Resources";
			outputFileListPaths = (
				"${PODS_ROOT}/Target Support Files/Pods-YuanCommunityV2ex/Pods-YuanCommunityV2ex-resources-${CONFIGURATION}-output-files.xcfilelist",
			);
			runOnlyForDeploymentPostprocessing = 0;
			shellPath = /bin/sh;
			shellScript = "\"${PODS_ROOT}/Target Support Files/Pods-YuanCommunityV2ex/Pods-YuanCommunityV2ex-resources.sh\"\n";
			showEnvVarsInLog = 0;
		};
/* End PBXShellScriptBuildPhase section */

/* Begin PBXSourcesBuildPhase section */
		5333E14724AB406A006D07F7 /* Sources */ = {
			isa = PBXSourcesBuildPhase;
			buildActionMask = 2147483647;
			files = (
				5333E19C24AC2302006D07F7 /* XZSwiftColor.swift in Sources */,
				5333E1A124AC2302006D07F7 /* YuanCommunUserKeychain.swift in Sources */,
				5333E23A24AC2795006D07F7 /* NotificationsModel.swift in Sources */,
				5333E1F724AC26B1006D07F7 /* V2Photo.swift in Sources */,
				5333E1B124AC232C006D07F7 /* String+Avatar.swift in Sources */,
				5333E23624AC2795006D07F7 /* NodeModel.swift in Sources */,
				5333E21C24AC2739006D07F7 /* ValidationViewController.swift in Sources */,
				5333E17524AC1C71006D07F7 /* LDNavigationController.m in Sources */,
				5333E1FF24AC26B1006D07F7 /* LeftUserHeadCell.swift in Sources */,
				5333E23524AC2795006D07F7 /* TopicCommentModel.swift in Sources */,
				5333E1F924AC26B1006D07F7 /* V2ZoomingScrollView.swift in Sources */,
				5333E1A324AC2302006D07F7 /* V2ProgressHUD.swift in Sources */,
				5333E1FD24AC26B1006D07F7 /* MemberTopicCell.swift in Sources */,
				5333E1FA24AC26B1006D07F7 /* V2PhotoBrowserTransionPresent.swift in Sources */,
				5333E20224AC26B1006D07F7 /* TopicDetailHeaderCell.swift in Sources */,
				5333E21E24AC2739006D07F7 /* MemberViewController.swift in Sources */,
				5333E20124AC26B1006D07F7 /* MenuNodeTableViewCell.swift in Sources */,
				5333E1BF24AC25BD006D07F7 /* XZWebViewViewController.swift in Sources */,
				5333E23724AC2795006D07F7 /* MemberModel.swift in Sources */,
				5333E1A624AC2302006D07F7 /* V2HitTestSlopButton.swift in Sources */,
				5333E22424AC2739006D07F7 /* AccountsManagerViewController.swift in Sources */,
				5333E1A224AC2302006D07F7 /* XZSettings.swift in Sources */,
				5333E1FC24AC26B1006D07F7 /* TopicDetailCommentCell.swift in Sources */,
				5333E1B924AC2333006D07F7 /* UITableView+FINAutomaticHeightCell.swift in Sources */,
				5333E1F324AC26B1006D07F7 /* AccountListTableViewCell.swift in Sources */,
				5333E1A424AC2302006D07F7 /* V2ex+Define.swift in Sources */,
				5333E21824AC2739006D07F7 /* PostDetailViewController.swift in Sources */,
				5333E17724AC1C71006D07F7 /* LDTabBarController.m in Sources */,
				5333E19B24AC2302006D07F7 /* UIView+Extension.swift in Sources */,
				5333E22824AC2739006D07F7 /* MenuViewController.swift in Sources */,
				5333E18524AC2142006D07F7 /* BaseModel.swift in Sources */,
				5333E1E924AC26B1006D07F7 /* LogoutTableViewCell.swift in Sources */,
				5333E21A24AC2739006D07F7 /* LoginViewController.swift in Sources */,
				5333E24A24AD84AB006D07F7 /* CQMenuTabView.m in Sources */,
				5333E23924AC2795006D07F7 /* TopicDetailModel.swift in Sources */,
				5333E20324AC26B1006D07F7 /* V2LoadingView.swift in Sources */,
				5333E1BC24AC24DA006D07F7 /* Observable+Extension.swift in Sources */,
				5333E17624AC1C71006D07F7 /* LDColor.m in Sources */,
				5333E1EB24AC26B1006D07F7 /* NotificationTableViewCell.swift in Sources */,
				5333E1EA24AC26B1006D07F7 /* V2RefreshHeader.swift in Sources */,
				5333E15324AB406A006D07F7 /* ViewController.swift in Sources */,
				5333E1E424AC26B1006D07F7 /* TopicDetailToolCell.swift in Sources */,
				5333E1F424AC26B1006D07F7 /* V2PhotoBrowser.swift in Sources */,
				5333E18924AC2227006D07F7 /* UserModel.swift in Sources */,
				5333E1F124AC26B1006D07F7 /* V2RefreshFooter.swift in Sources */,
				5333E24724AC695C006D07F7 /* YuanCommunityV2ex.m in Sources */,
				5333E22224AC2739006D07F7 /* BranchTopicListViewController.swift in Sources */,
				5333E19D24AC2302006D07F7 /* XZClient.swift in Sources */,
				5333E1F824AC26B1006D07F7 /* V2PhotoBrowserSwipeInteractiveTransition.swift in Sources */,
				5333E17424AC1C71006D07F7 /* LDTabBar.m in Sources */,
				5333E22324AC2739006D07F7 /* UserViewController.swift in Sources */,
				5333E1E824AC26B1006D07F7 /* V2ActivityViewController.swift in Sources */,
				5333E1EC24AC26B1006D07F7 /* PodCellTableViewCell.swift in Sources */,
				5333E22024AC2739006D07F7 /* BaseViewController.swift in Sources */,
				5333E22D24AC2776006D07F7 /* YuanCommunityApi.swift in Sources */,
				5333E1F524AC26B1006D07F7 /* V2PhotoBrowserTransionDismiss.swift in Sources */,
				5333E21F24AC2739006D07F7 /* WritingViewController.swift in Sources */,
				5333E18724AC21DA006D07F7 /* YuanCommunUser.swift in Sources */,
				5333E1FE24AC26B1006D07F7 /* MemberHeaderCell.swift in Sources */,
				5333E15924AB406A006D07F7 /* YuanCommunityV2ex.xcdatamodeld in Sources */,
				5333E1A724AC2302006D07F7 /* WebViewImageProtocol.swift in Sources */,
				5333E22624AC2739006D07F7 /* RelevantCommentsViewController.swift in Sources */,
				5333E18124AC205B006D07F7 /* MainViewController.swift in Sources */,
				5333E18B24AC2285006D07F7 /* XZResponse.swift in Sources */,
				5333E1EF24AC26B1006D07F7 /* BaseDetailTableViewCell.swift in Sources */,
				5333E1F224AC26B1006D07F7 /* HomeTopicListTableViewCell.swift in Sources */,
				5333E1EE24AC26B1006D07F7 /* TopicDetailWebViewContentCell.swift in Sources */,
				5333E22524AC2739006D07F7 /* MessageRemindViewController.swift in Sources */,
				5333E19E24AC2302006D07F7 /* V2LeftAlignedCollectionViewFlowLayout.swift in Sources */,
				5333E19A24AC2302006D07F7 /* V2EXMentionedBindingParser.swift in Sources */,
				5333E1FB24AC26B1006D07F7 /* NotificationMenuButton.swift in Sources */,
				5333E1BD24AC24DA006D07F7 /* XZTargetType.swift in Sources */,
				5333E20424AC26B1006D07F7 /* NodeTableViewCell.swift in Sources */,
				5333E20024AC26B1006D07F7 /* MemberReplyCell.swift in Sources */,
				5333E1B424AC232C006D07F7 /* UITableView+Extension.swift in Sources */,
				5333E22124AC2739006D07F7 /* MyCenterViewController.swift in Sources */,
				5333E1F624AC26B1006D07F7 /* V2TapDetectingImageView.swift in Sources */,
				5333E1E524AC26B1006D07F7 /* INSImageView.swift in Sources */,
				5333E1B224AC232C006D07F7 /* AnalyzeURLHelper.swift in Sources */,
				5333E1B524AC232C006D07F7 /* UIImageView+Extension.swift in Sources */,
				5333E1B724AC232C006D07F7 /* Request+Extension.swift in Sources */,
				5333E1B624AC232C006D07F7 /* SVProgressHUD+Extension.swift in Sources */,
				5333E21B24AC2739006D07F7 /* BranchViewController.swift in Sources */,
				5333E14F24AB406A006D07F7 /* AppDelegate.swift in Sources */,
				5333E1E724AC26B1006D07F7 /* NodeCollectionReusableView.swift in Sources */,
				5333E21924AC2739006D07F7 /* MyCollectionViewController.swift in Sources */,
				5333E1A524AC2302006D07F7 /* XZStyle.swift in Sources */,
				5333E1E324AC26B1006D07F7 /* LeftNodeTableViewCell.swift in Sources */,
				5333E1ED24AC26B1006D07F7 /* V2SpacingLabel.swift in Sources */,
				5333E1B324AC232C006D07F7 /* UIImage+Extension.swift in Sources */,
				5333E17F24AC1FBD006D07F7 /* XZWebViewImageProtocol.swift in Sources */,
				5333E18324AC20D1006D07F7 /* TopicListModel.swift in Sources */,
			);
			runOnlyForDeploymentPostprocessing = 0;
		};
/* End PBXSourcesBuildPhase section */

/* Begin PBXVariantGroup section */
		5333E15424AB406A006D07F7 /* Main.storyboard */ = {
			isa = PBXVariantGroup;
			children = (
				5333E15524AB406A006D07F7 /* Base */,
			);
			name = Main.storyboard;
			sourceTree = "<group>";
		};
		5333E15C24AB406F006D07F7 /* LaunchScreen.storyboard */ = {
			isa = PBXVariantGroup;
			children = (
				5333E15D24AB406F006D07F7 /* Base */,
			);
			name = LaunchScreen.storyboard;
			sourceTree = "<group>";
		};
/* End PBXVariantGroup section */

/* Begin XCBuildConfiguration section */
		5333E16024AB406F006D07F7 /* Debug */ = {
			isa = XCBuildConfiguration;
			buildSettings = {
				ALWAYS_SEARCH_USER_PATHS = NO;
				CLANG_ANALYZER_NONNULL = YES;
				CLANG_ANALYZER_NUMBER_OBJECT_CONVERSION = YES_AGGRESSIVE;
				CLANG_CXX_LANGUAGE_STANDARD = "gnu++14";
				CLANG_CXX_LIBRARY = "libc++";
				CLANG_ENABLE_MODULES = YES;
				CLANG_ENABLE_OBJC_ARC = YES;
				CLANG_ENABLE_OBJC_WEAK = YES;
				CLANG_WARN_BLOCK_CAPTURE_AUTORELEASING = YES;
				CLANG_WARN_BOOL_CONVERSION = YES;
				CLANG_WARN_COMMA = YES;
				CLANG_WARN_CONSTANT_CONVERSION = YES;
				CLANG_WARN_DEPRECATED_OBJC_IMPLEMENTATIONS = YES;
				CLANG_WARN_DIRECT_OBJC_ISA_USAGE = YES_ERROR;
				CLANG_WARN_DOCUMENTATION_COMMENTS = YES;
				CLANG_WARN_EMPTY_BODY = YES;
				CLANG_WARN_ENUM_CONVERSION = YES;
				CLANG_WARN_INFINITE_RECURSION = YES;
				CLANG_WARN_INT_CONVERSION = YES;
				CLANG_WARN_NON_LITERAL_NULL_CONVERSION = YES;
				CLANG_WARN_OBJC_IMPLICIT_RETAIN_SELF = YES;
				CLANG_WARN_OBJC_LITERAL_CONVERSION = YES;
				CLANG_WARN_OBJC_ROOT_CLASS = YES_ERROR;
				CLANG_WARN_RANGE_LOOP_ANALYSIS = YES;
				CLANG_WARN_STRICT_PROTOTYPES = YES;
				CLANG_WARN_SUSPICIOUS_MOVE = YES;
				CLANG_WARN_UNGUARDED_AVAILABILITY = YES_AGGRESSIVE;
				CLANG_WARN_UNREACHABLE_CODE = YES;
				CLANG_WARN__DUPLICATE_METHOD_MATCH = YES;
				COPY_PHASE_STRIP = NO;
				DEBUG_INFORMATION_FORMAT = dwarf;
				ENABLE_STRICT_OBJC_MSGSEND = YES;
				ENABLE_TESTABILITY = YES;
				GCC_C_LANGUAGE_STANDARD = gnu11;
				GCC_DYNAMIC_NO_PIC = NO;
				GCC_NO_COMMON_BLOCKS = YES;
				GCC_OPTIMIZATION_LEVEL = 0;
				GCC_PREPROCESSOR_DEFINITIONS = (
					"DEBUG=1",
					"$(inherited)",
				);
				GCC_WARN_64_TO_32_BIT_CONVERSION = YES;
				GCC_WARN_ABOUT_RETURN_TYPE = YES_ERROR;
				GCC_WARN_UNDECLARED_SELECTOR = YES;
				GCC_WARN_UNINITIALIZED_AUTOS = YES_AGGRESSIVE;
				GCC_WARN_UNUSED_FUNCTION = YES;
				GCC_WARN_UNUSED_VARIABLE = YES;
				IPHONEOS_DEPLOYMENT_TARGET = 13.5;
				MTL_ENABLE_DEBUG_INFO = INCLUDE_SOURCE;
				MTL_FAST_MATH = YES;
				ONLY_ACTIVE_ARCH = YES;
				SDKROOT = iphoneos;
				SWIFT_ACTIVE_COMPILATION_CONDITIONS = DEBUG;
				SWIFT_OPTIMIZATION_LEVEL = "-Onone";
			};
			name = Debug;
		};
		5333E16124AB406F006D07F7 /* Release */ = {
			isa = XCBuildConfiguration;
			buildSettings = {
				ALWAYS_SEARCH_USER_PATHS = NO;
				CLANG_ANALYZER_NONNULL = YES;
				CLANG_ANALYZER_NUMBER_OBJECT_CONVERSION = YES_AGGRESSIVE;
				CLANG_CXX_LANGUAGE_STANDARD = "gnu++14";
				CLANG_CXX_LIBRARY = "libc++";
				CLANG_ENABLE_MODULES = YES;
				CLANG_ENABLE_OBJC_ARC = YES;
				CLANG_ENABLE_OBJC_WEAK = YES;
				CLANG_WARN_BLOCK_CAPTURE_AUTORELEASING = YES;
				CLANG_WARN_BOOL_CONVERSION = YES;
				CLANG_WARN_COMMA = YES;
				CLANG_WARN_CONSTANT_CONVERSION = YES;
				CLANG_WARN_DEPRECATED_OBJC_IMPLEMENTATIONS = YES;
				CLANG_WARN_DIRECT_OBJC_ISA_USAGE = YES_ERROR;
				CLANG_WARN_DOCUMENTATION_COMMENTS = YES;
				CLANG_WARN_EMPTY_BODY = YES;
				CLANG_WARN_ENUM_CONVERSION = YES;
				CLANG_WARN_INFINITE_RECURSION = YES;
				CLANG_WARN_INT_CONVERSION = YES;
				CLANG_WARN_NON_LITERAL_NULL_CONVERSION = YES;
				CLANG_WARN_OBJC_IMPLICIT_RETAIN_SELF = YES;
				CLANG_WARN_OBJC_LITERAL_CONVERSION = YES;
				CLANG_WARN_OBJC_ROOT_CLASS = YES_ERROR;
				CLANG_WARN_RANGE_LOOP_ANALYSIS = YES;
				CLANG_WARN_STRICT_PROTOTYPES = YES;
				CLANG_WARN_SUSPICIOUS_MOVE = YES;
				CLANG_WARN_UNGUARDED_AVAILABILITY = YES_AGGRESSIVE;
				CLANG_WARN_UNREACHABLE_CODE = YES;
				CLANG_WARN__DUPLICATE_METHOD_MATCH = YES;
				COPY_PHASE_STRIP = NO;
				DEBUG_INFORMATION_FORMAT = "dwarf-with-dsym";
				ENABLE_NS_ASSERTIONS = NO;
				ENABLE_STRICT_OBJC_MSGSEND = YES;
				GCC_C_LANGUAGE_STANDARD = gnu11;
				GCC_NO_COMMON_BLOCKS = YES;
				GCC_WARN_64_TO_32_BIT_CONVERSION = YES;
				GCC_WARN_ABOUT_RETURN_TYPE = YES_ERROR;
				GCC_WARN_UNDECLARED_SELECTOR = YES;
				GCC_WARN_UNINITIALIZED_AUTOS = YES_AGGRESSIVE;
				GCC_WARN_UNUSED_FUNCTION = YES;
				GCC_WARN_UNUSED_VARIABLE = YES;
				IPHONEOS_DEPLOYMENT_TARGET = 13.5;
				MTL_ENABLE_DEBUG_INFO = NO;
				MTL_FAST_MATH = YES;
				SDKROOT = iphoneos;
				SWIFT_COMPILATION_MODE = wholemodule;
				SWIFT_OPTIMIZATION_LEVEL = "-O";
				VALIDATE_PRODUCT = YES;
			};
			name = Release;
		};
		5333E16324AB406F006D07F7 /* Debug */ = {
			isa = XCBuildConfiguration;
			baseConfigurationReference = CC09CA7FC3D5AC2B0136A104 /* Pods-YuanCommunityV2ex.debug.xcconfig */;
			buildSettings = {
				ASSETCATALOG_COMPILER_APPICON_NAME = AppIcon;
				CLANG_ENABLE_MODULES = YES;
				CODE_SIGN_STYLE = Automatic;
				CURRENT_PROJECT_VERSION = 1;
				DEVELOPMENT_TEAM = 6JC78V6G2N;
				INFOPLIST_FILE = YuanCommunityV2ex/Info.plist;
				IPHONEOS_DEPLOYMENT_TARGET = 11.0;
				LD_RUNPATH_SEARCH_PATHS = (
					"$(inherited)",
					"@executable_path/Frameworks",
				);
				MARKETING_VERSION = 1.0.1;
				PRODUCT_BUNDLE_IDENTIFIER = "com.xuzhou.V2ex-Swift";
				PRODUCT_NAME = "猿社区";
				SWIFT_OBJC_BRIDGING_HEADER = "Util/YuanCommunityV2ex-Bridging-Header.h";
				SWIFT_OPTIMIZATION_LEVEL = "-Onone";
				SWIFT_VERSION = 5.0;
				TARGETED_DEVICE_FAMILY = 1;
			};
			name = Debug;
		};
		5333E16424AB406F006D07F7 /* Release */ = {
			isa = XCBuildConfiguration;
			baseConfigurationReference = 2C16B37FF9E2D0092F979F2A /* Pods-YuanCommunityV2ex.release.xcconfig */;
			buildSettings = {
				ASSETCATALOG_COMPILER_APPICON_NAME = AppIcon;
				CLANG_ENABLE_MODULES = YES;
				CODE_SIGN_STYLE = Automatic;
				CURRENT_PROJECT_VERSION = 1;
				DEVELOPMENT_TEAM = 6JC78V6G2N;
				INFOPLIST_FILE = YuanCommunityV2ex/Info.plist;
				IPHONEOS_DEPLOYMENT_TARGET = 11.0;
				LD_RUNPATH_SEARCH_PATHS = (
					"$(inherited)",
					"@executable_path/Frameworks",
				);
				MARKETING_VERSION = 1.0.1;
				PRODUCT_BUNDLE_IDENTIFIER = "com.xuzhou.V2ex-Swift";
				PRODUCT_NAME = "猿社区";
				SWIFT_OBJC_BRIDGING_HEADER = "Util/YuanCommunityV2ex-Bridging-Header.h";
				SWIFT_VERSION = 5.0;
				TARGETED_DEVICE_FAMILY = 1;
			};
			name = Release;
		};
/* End XCBuildConfiguration section */

/* Begin XCConfigurationList section */
		5333E14624AB406A006D07F7 /* Build configuration list for PBXProject "YuanCommunityV2ex" */ = {
			isa = XCConfigurationList;
			buildConfigurations = (
				5333E16024AB406F006D07F7 /* Debug */,
				5333E16124AB406F006D07F7 /* Release */,
			);
			defaultConfigurationIsVisible = 0;
			defaultConfigurationName = Release;
		};
		5333E16224AB406F006D07F7 /* Build configuration list for PBXNativeTarget "YuanCommunityV2ex" */ = {
			isa = XCConfigurationList;
			buildConfigurations = (
				5333E16324AB406F006D07F7 /* Debug */,
				5333E16424AB406F006D07F7 /* Release */,
			);
			defaultConfigurationIsVisible = 0;
			defaultConfigurationName = Release;
		};
/* End XCConfigurationList section */

/* Begin XCVersionGroup section */
		5333E15724AB406A006D07F7 /* YuanCommunityV2ex.xcdatamodeld */ = {
			isa = XCVersionGroup;
			children = (
				5333E15824AB406A006D07F7 /* YuanCommunityV2ex.xcdatamodel */,
			);
			currentVersion = 5333E15824AB406A006D07F7 /* YuanCommunityV2ex.xcdatamodel */;
			path = YuanCommunityV2ex.xcdatamodeld;
			sourceTree = "<group>";
			versionGroupType = wrapper.xcdatamodel;
		};
/* End XCVersionGroup section */
	};
	rootObject = 5333E14324AB406A006D07F7 /* Project object */;
}
